
Microsoft Visual Studio Solution File, Format Version 12.00
# Visual Studio Version 17
VisualStudioVersion = 17.14.36212.18
MinimumVisualStudioVersion = 10.0.40219.1
Project("{F2A71F9B-5D33-465A-A702-920D77279786}") = "EVMpress", "EVMpress\EVMpress.fsproj", "{1DCFA212-2E90-4B6B-A4A2-2ED2927AD07C}"
EndProject
Project("{F2A71F9B-5D33-465A-A702-920D77279786}") = "B2R2.BinIR", ".\B2R2\src\BinIR\B2R2.BinIR.fsproj", "{594FA75A-8DCE-4039-A546-E06D34797346}"
EndProject
Project("{F2A71F9B-5D33-465A-A702-920D77279786}") = "B2R2.BinIR.Tests", ".\B2R2\src\BinIR.Tests\B2R2.BinIR.Tests.fsproj", "{726EC8A1-31EC-4AF4-BD96-B78773477FB2}"
EndProject
Project("{F2A71F9B-5D33-465A-A702-920D77279786}") = "B2R2.Core", ".\B2R2\src\Core\B2R2.Core.fsproj", "{303D90E0-23E2-4650-B8F6-BADEB77B77E6}"
EndProject
Project("{F2A71F9B-5D33-465A-A702-920D77279786}") = "B2R2.Core.Tests", ".\B2R2\src\Core.Tests\B2R2.Core.Tests.fsproj", "{97DEFBB4-9A21-4184-9B19-561D32C369F1}"
EndProject
Project("{F2A71F9B-5D33-465A-A702-920D77279786}") = "B2R2.FrontEnd.API", ".\B2R2\src\FrontEnd\API\B2R2.FrontEnd.API.fsproj", "{C90FC9F5-87B2-4988-9453-1B6D491FF198}"
EndProject
Project("{F2A71F9B-5D33-465A-A702-920D77279786}") = "B2R2.FrontEnd.ARM32", ".\B2R2\src\FrontEnd\ARM32\B2R2.FrontEnd.ARM32.fsproj", "{2BD63241-2176-47F0-BBB7-27A0FDCA0E18}"
EndProject
Project("{F2A71F9B-5D33-465A-A702-920D77279786}") = "B2R2.FrontEnd.ARM32.Tests", ".\B2R2\src\FrontEnd\ARM32.Tests\B2R2.FrontEnd.ARM32.Tests.fsproj", "{F7C6D3E7-724F-4AA6-9762-3C36710D76E4}"
EndProject
Project("{F2A71F9B-5D33-465A-A702-920D77279786}") = "B2R2.FrontEnd.ARM64", ".\B2R2\src\FrontEnd\ARM64\B2R2.FrontEnd.ARM64.fsproj", "{84BD7CD8-405C-4EC7-9F90-1B821CCE597C}"
EndProject
Project("{F2A71F9B-5D33-465A-A702-920D77279786}") = "B2R2.FrontEnd.ARM64.Tests", ".\B2R2\src\FrontEnd\ARM64.Tests\B2R2.FrontEnd.ARM64.Tests.fsproj", "{1667B66F-D8E1-4227-9876-1DBE82BDF5B8}"
EndProject
Project("{F2A71F9B-5D33-465A-A702-920D77279786}") = "B2R2.FrontEnd.AVR", ".\B2R2\src\FrontEnd\AVR\B2R2.FrontEnd.AVR.fsproj", "{33EFCE07-34DF-4686-AE98-1D4FC9767D5A}"
EndProject
Project("{F2A71F9B-5D33-465A-A702-920D77279786}") = "B2R2.FrontEnd.AVR.Tests", ".\B2R2\src\FrontEnd\AVR.Tests\B2R2.FrontEnd.AVR.Tests.fsproj", "{62E08F51-EC50-4F88-8414-6CD21F719D13}"
EndProject
Project("{F2A71F9B-5D33-465A-A702-920D77279786}") = "B2R2.FrontEnd.BinFile", ".\B2R2\src\FrontEnd\BinFile\B2R2.FrontEnd.BinFile.fsproj", "{5D237D3A-1128-4CB6-ACA3-27D89DD47B1C}"
EndProject
Project("{F2A71F9B-5D33-465A-A702-920D77279786}") = "B2R2.FrontEnd.BinFile.Tests", ".\B2R2\src\FrontEnd\BinFile.Tests\B2R2.FrontEnd.BinFile.Tests.fsproj", "{9312EED1-517F-4F71-843F-C5381F237252}"
EndProject
Project("{F2A71F9B-5D33-465A-A702-920D77279786}") = "B2R2.FrontEnd.BinLifter", ".\B2R2\src\FrontEnd\BinLifter\B2R2.FrontEnd.BinLifter.fsproj", "{127CF82B-F7AF-413F-8B4E-8827AFD25EFE}"
EndProject
Project("{F2A71F9B-5D33-465A-A702-920D77279786}") = "B2R2.FrontEnd.BinLifter.Tests", ".\B2R2\src\FrontEnd\BinLifter.Tests\B2R2.FrontEnd.BinLifter.Tests.fsproj", "{4F847B0A-5F06-497A-BF9B-ADCA2C39F301}"
EndProject
Project("{F2A71F9B-5D33-465A-A702-920D77279786}") = "B2R2.FrontEnd.CIL", ".\B2R2\src\FrontEnd\CIL\B2R2.FrontEnd.CIL.fsproj", "{5C13320B-2205-44C4-A9C0-8A7AA845E2E7}"
EndProject
Project("{F2A71F9B-5D33-465A-A702-920D77279786}") = "B2R2.FrontEnd.EVM", ".\B2R2\src\FrontEnd\EVM\B2R2.FrontEnd.EVM.fsproj", "{34B356B5-0569-4FBA-AC8C-B9DE74E07DDE}"
EndProject
Project("{F2A71F9B-5D33-465A-A702-920D77279786}") = "B2R2.FrontEnd.EVM.Tests", ".\B2R2\src\FrontEnd\EVM.Tests\B2R2.FrontEnd.EVM.Tests.fsproj", "{A38E150F-D453-4E3B-9F9A-59123CA3ED60}"
EndProject
Project("{F2A71F9B-5D33-465A-A702-920D77279786}") = "B2R2.FrontEnd.Intel", ".\B2R2\src\FrontEnd\Intel\B2R2.FrontEnd.Intel.fsproj", "{6DE496EC-6D86-4574-AA54-5C0360294A8F}"
EndProject
Project("{F2A71F9B-5D33-465A-A702-920D77279786}") = "B2R2.FrontEnd.Intel.Tests", ".\B2R2\src\FrontEnd\Intel.Tests\B2R2.FrontEnd.Intel.Tests.fsproj", "{401767DC-4FEE-42AF-B496-D96B4AF40FCC}"
EndProject
Project("{F2A71F9B-5D33-465A-A702-920D77279786}") = "B2R2.FrontEnd.MIPS", ".\B2R2\src\FrontEnd\MIPS\B2R2.FrontEnd.MIPS.fsproj", "{70347C0E-5B72-4E15-BF15-80FBF5B2AF1C}"
EndProject
Project("{F2A71F9B-5D33-465A-A702-920D77279786}") = "B2R2.FrontEnd.MIPS.Tests", ".\B2R2\src\FrontEnd\MIPS.Tests\B2R2.FrontEnd.MIPS.Tests.fsproj", "{05A313B2-5F43-4D40-8E43-CD64C05FB7B7}"
EndProject
Project("{F2A71F9B-5D33-465A-A702-920D77279786}") = "B2R2.FrontEnd.NameMangling", ".\B2R2\src\FrontEnd\NameMangling\B2R2.FrontEnd.NameMangling.fsproj", "{994ECAC3-5F66-4024-9D04-46C63AE08045}"
EndProject
Project("{F2A71F9B-5D33-465A-A702-920D77279786}") = "B2R2.FrontEnd.NameMangling.Tests", ".\B2R2\src\FrontEnd\NameMangling.Tests\B2R2.FrontEnd.NameMangling.Tests.fsproj", "{E4480BD7-A595-4CBE-9E21-DD6DA8773390}"
EndProject
Project("{F2A71F9B-5D33-465A-A702-920D77279786}") = "B2R2.FrontEnd.PARISC", ".\B2R2\src\FrontEnd\PARISC\B2R2.FrontEnd.PARISC.fsproj", "{B175F9EF-B815-4B24-BF0C-41E99DC2CF88}"
EndProject
Project("{F2A71F9B-5D33-465A-A702-920D77279786}") = "B2R2.FrontEnd.PARISC.Tests", ".\B2R2\src\FrontEnd\PARISC.Tests\B2R2.FrontEnd.PARISC.Tests.fsproj", "{D23E56B4-D02B-495A-BF14-18B2639222CE}"
EndProject
Project("{F2A71F9B-5D33-465A-A702-920D77279786}") = "B2R2.FrontEnd.PPC32", ".\B2R2\src\FrontEnd\PPC32\B2R2.FrontEnd.PPC32.fsproj", "{564CC7A9-CB9E-4EEA-B8F5-0F6A362F0B21}"
EndProject
Project("{F2A71F9B-5D33-465A-A702-920D77279786}") = "B2R2.FrontEnd.Python", ".\B2R2\src\FrontEnd\Python\B2R2.FrontEnd.Python.fsproj", "{5F8E03E4-9540-4DC0-BDAE-32EFEBAF0727}"
EndProject
Project("{F2A71F9B-5D33-465A-A702-920D77279786}") = "B2R2.FrontEnd.Registers", ".\B2R2\src\FrontEnd\Registers\B2R2.FrontEnd.Registers.fsproj", "{6B48E256-C6CC-46AC-ACAB-798BDF4C5CB5}"
EndProject
Project("{F2A71F9B-5D33-465A-A702-920D77279786}") = "B2R2.FrontEnd.RISCV64", ".\B2R2\src\FrontEnd\RISCV64\B2R2.FrontEnd.RISCV64.fsproj", "{28EAE6FF-9D72-42C6-970A-C611205B3F0F}"
EndProject
Project("{F2A71F9B-5D33-465A-A702-920D77279786}") = "B2R2.FrontEnd.S390", ".\B2R2\src\FrontEnd\S390\B2R2.FrontEnd.S390.fsproj", "{0782E655-D5F0-4644-A7EB-A7ACE5A6F8D0}"
EndProject
Project("{F2A71F9B-5D33-465A-A702-920D77279786}") = "B2R2.FrontEnd.S390.Tests", ".\B2R2\src\FrontEnd\S390.Tests\B2R2.FrontEnd.S390.Tests.fsproj", "{D5555A71-B1FD-46EB-BFB6-0F94D015CFB8}"
EndProject
Project("{F2A71F9B-5D33-465A-A702-920D77279786}") = "B2R2.FrontEnd.SH4", ".\B2R2\src\FrontEnd\SH4\B2R2.FrontEnd.SH4.fsproj", "{B93C3595-61B8-4142-98E1-66A2D24AD95F}"
EndProject
Project("{F2A71F9B-5D33-465A-A702-920D77279786}") = "B2R2.FrontEnd.SPARC", ".\B2R2\src\FrontEnd\SPARC\B2R2.FrontEnd.SPARC.fsproj", "{C0AFA974-C872-4B41-B6EB-726C8C3610EE}"
EndProject
Project("{F2A71F9B-5D33-465A-A702-920D77279786}") = "B2R2.FrontEnd.SPARC.Tests", ".\B2R2\src\FrontEnd\SPARC.Tests\B2R2.FrontEnd.SPARC.Tests.fsproj", "{3D8D00A3-7224-4BA5-A630-9661B9E8C82B}"
EndProject
Project("{F2A71F9B-5D33-465A-A702-920D77279786}") = "B2R2.FrontEnd.TMS320C6000", ".\B2R2\src\FrontEnd\TMS320C6000\B2R2.FrontEnd.TMS320C6000.fsproj", "{514C52AF-B4EB-45BC-930E-FA4ABFF15343}"
EndProject
Project("{F2A71F9B-5D33-465A-A702-920D77279786}") = "B2R2.FrontEnd.TMS320C6000.Tests", ".\B2R2\src\FrontEnd\TMS320C6000.Tests\B2R2.FrontEnd.TMS320C6000.Tests.fsproj", "{90CD5283-72F0-41E7-8969-3CD448CBA713}"
EndProject
Project("{F2A71F9B-5D33-465A-A702-920D77279786}") = "B2R2.FrontEnd.WASM", ".\B2R2\src\FrontEnd\WASM\B2R2.FrontEnd.WASM.fsproj", "{5C884F32-CEE3-4FA7-A046-534C1B9A7FE8}"
EndProject
Project("{F2A71F9B-5D33-465A-A702-920D77279786}") = "B2R2.MiddleEnd.API", ".\B2R2\src\MiddleEnd\API\B2R2.MiddleEnd.API.fsproj", "{45CDE7E2-9959-4178-ADA0-CA45E53A8F77}"
EndProject
Project("{F2A71F9B-5D33-465A-A702-920D77279786}") = "B2R2.MiddleEnd.API.Tests", ".\B2R2\src\MiddleEnd\API.Tests\B2R2.MiddleEnd.API.Tests.fsproj", "{DAA89702-71EF-4E67-82EC-E111A530B854}"
EndProject
Project("{F2A71F9B-5D33-465A-A702-920D77279786}") = "B2R2.MiddleEnd.BinGraph", ".\B2R2\src\MiddleEnd\BinGraph\B2R2.MiddleEnd.BinGraph.fsproj", "{DBAF5F2B-B37F-4A8C-8F8D-80A0368EC249}"
EndProject
Project("{F2A71F9B-5D33-465A-A702-920D77279786}") = "B2R2.MiddleEnd.BinGraph.Tests", ".\B2R2\src\MiddleEnd\BinGraph.Tests\B2R2.MiddleEnd.BinGraph.Tests.fsproj", "{1F8CB5B7-34FA-4862-A96D-6FF62CCB9437}"
EndProject
Project("{F2A71F9B-5D33-465A-A702-920D77279786}") = "B2R2.MiddleEnd.ConcEval", ".\B2R2\src\MiddleEnd\ConcEval\B2R2.MiddleEnd.ConcEval.fsproj", "{F7F5D297-80D5-486C-8E7B-90C20AAC94A1}"
EndProject
Project("{F2A71F9B-5D33-465A-A702-920D77279786}") = "B2R2.MiddleEnd.ControlFlowAnalysis", ".\B2R2\src\MiddleEnd\ControlFlowAnalysis\B2R2.MiddleEnd.ControlFlowAnalysis.fsproj", "{03F8E685-D9D2-44E3-BB80-658B9C15EA78}"
EndProject
Project("{F2A71F9B-5D33-465A-A702-920D77279786}") = "B2R2.MiddleEnd.ControlFlowGraph", ".\B2R2\src\MiddleEnd\ControlFlowGraph\B2R2.MiddleEnd.ControlFlowGraph.fsproj", "{B7796015-3A2B-4188-95BE-86FEBAD17A3C}"
EndProject
Project("{F2A71F9B-5D33-465A-A702-920D77279786}") = "B2R2.MiddleEnd.DataFlow", ".\B2R2\src\MiddleEnd\DataFlow\B2R2.MiddleEnd.DataFlow.fsproj", "{8BAD2CED-E9A2-424C-8376-44836A90A492}"
EndProject
Project("{F2A71F9B-5D33-465A-A702-920D77279786}") = "B2R2.MiddleEnd.DataFlow.Tests", ".\B2R2\src\MiddleEnd\DataFlow.Tests\B2R2.MiddleEnd.DataFlow.Tests.fsproj", "{E2FCAC9D-863E-4E5C-B831-E76512DBB22A}"
EndProject
Project("{F2A71F9B-5D33-465A-A702-920D77279786}") = "B2R2.MiddleEnd.LLVM", ".\B2R2\src\MiddleEnd\LLVM\B2R2.MiddleEnd.LLVM.fsproj", "{8AAA683F-F337-49DB-B5D9-AC74EFA04BAA}"
EndProject
Project("{F2A71F9B-5D33-465A-A702-920D77279786}") = "B2R2.MiddleEnd.SSA", ".\B2R2\src\MiddleEnd\SSA\B2R2.MiddleEnd.SSA.fsproj", "{DC5843B4-4BC3-4FEE-8668-ED3DBB9B38F4}"
EndProject
Project("{2150E333-8FDC-42A3-9474-1A3956D46DE8}") = "B2R2", "B2R2", "{C8D5274F-AC00-46C7-1F8D-E88E81087A52}"
EndProject
Global
	GlobalSection(SolutionConfigurationPlatforms) = preSolution
		Debug|Any CPU = Debug|Any CPU
		Debug|x64 = Debug|x64
		Debug|x86 = Debug|x86
		Release|Any CPU = Release|Any CPU
		Release|x64 = Release|x64
		Release|x86 = Release|x86
	EndGlobalSection
	GlobalSection(ProjectConfigurationPlatforms) = postSolution
		{1DCFA212-2E90-4B6B-A4A2-2ED2927AD07C}.Debug|Any CPU.ActiveCfg = Debug|Any CPU
		{1DCFA212-2E90-4B6B-A4A2-2ED2927AD07C}.Debug|Any CPU.Build.0 = Debug|Any CPU
		{1DCFA212-2E90-4B6B-A4A2-2ED2927AD07C}.Debug|x64.ActiveCfg = Debug|Any CPU
		{1DCFA212-2E90-4B6B-A4A2-2ED2927AD07C}.Debug|x64.Build.0 = Debug|Any CPU
		{1DCFA212-2E90-4B6B-A4A2-2ED2927AD07C}.Debug|x86.ActiveCfg = Debug|Any CPU
		{1DCFA212-2E90-4B6B-A4A2-2ED2927AD07C}.Debug|x86.Build.0 = Debug|Any CPU
		{1DCFA212-2E90-4B6B-A4A2-2ED2927AD07C}.Release|Any CPU.ActiveCfg = Release|Any CPU
		{1DCFA212-2E90-4B6B-A4A2-2ED2927AD07C}.Release|Any CPU.Build.0 = Release|Any CPU
		{1DCFA212-2E90-4B6B-A4A2-2ED2927AD07C}.Release|x64.ActiveCfg = Release|Any CPU
		{1DCFA212-2E90-4B6B-A4A2-2ED2927AD07C}.Release|x64.Build.0 = Release|Any CPU
		{1DCFA212-2E90-4B6B-A4A2-2ED2927AD07C}.Release|x86.ActiveCfg = Release|Any CPU
		{1DCFA212-2E90-4B6B-A4A2-2ED2927AD07C}.Release|x86.Build.0 = Release|Any CPU
		{594FA75A-8DCE-4039-A546-E06D34797346}.Debug|Any CPU.ActiveCfg = Debug|Any CPU
		{594FA75A-8DCE-4039-A546-E06D34797346}.Debug|Any CPU.Build.0 = Debug|Any CPU
		{594FA75A-8DCE-4039-A546-E06D34797346}.Debug|x64.ActiveCfg = Debug|Any CPU
		{594FA75A-8DCE-4039-A546-E06D34797346}.Debug|x64.Build.0 = Debug|Any CPU
		{594FA75A-8DCE-4039-A546-E06D34797346}.Debug|x86.ActiveCfg = Debug|Any CPU
		{594FA75A-8DCE-4039-A546-E06D34797346}.Debug|x86.Build.0 = Debug|Any CPU
		{594FA75A-8DCE-4039-A546-E06D34797346}.Release|Any CPU.ActiveCfg = Release|Any CPU
		{594FA75A-8DCE-4039-A546-E06D34797346}.Release|Any CPU.Build.0 = Release|Any CPU
		{594FA75A-8DCE-4039-A546-E06D34797346}.Release|x64.ActiveCfg = Release|Any CPU
		{594FA75A-8DCE-4039-A546-E06D34797346}.Release|x64.Build.0 = Release|Any CPU
		{594FA75A-8DCE-4039-A546-E06D34797346}.Release|x86.ActiveCfg = Release|Any CPU
		{594FA75A-8DCE-4039-A546-E06D34797346}.Release|x86.Build.0 = Release|Any CPU
		{726EC8A1-31EC-4AF4-BD96-B78773477FB2}.Debug|Any CPU.ActiveCfg = Debug|Any CPU
		{726EC8A1-31EC-4AF4-BD96-B78773477FB2}.Debug|Any CPU.Build.0 = Debug|Any CPU
		{726EC8A1-31EC-4AF4-BD96-B78773477FB2}.Debug|x64.ActiveCfg = Debug|Any CPU
		{726EC8A1-31EC-4AF4-BD96-B78773477FB2}.Debug|x64.Build.0 = Debug|Any CPU
		{726EC8A1-31EC-4AF4-BD96-B78773477FB2}.Debug|x86.ActiveCfg = Debug|Any CPU
		{726EC8A1-31EC-4AF4-BD96-B78773477FB2}.Debug|x86.Build.0 = Debug|Any CPU
		{726EC8A1-31EC-4AF4-BD96-B78773477FB2}.Release|Any CPU.ActiveCfg = Release|Any CPU
		{726EC8A1-31EC-4AF4-BD96-B78773477FB2}.Release|Any CPU.Build.0 = Release|Any CPU
		{726EC8A1-31EC-4AF4-BD96-B78773477FB2}.Release|x64.ActiveCfg = Release|Any CPU
		{726EC8A1-31EC-4AF4-BD96-B78773477FB2}.Release|x64.Build.0 = Release|Any CPU
		{726EC8A1-31EC-4AF4-BD96-B78773477FB2}.Release|x86.ActiveCfg = Release|Any CPU
		{726EC8A1-31EC-4AF4-BD96-B78773477FB2}.Release|x86.Build.0 = Release|Any CPU
		{303D90E0-23E2-4650-B8F6-BADEB77B77E6}.Debug|Any CPU.ActiveCfg = Debug|Any CPU
		{303D90E0-23E2-4650-B8F6-BADEB77B77E6}.Debug|Any CPU.Build.0 = Debug|Any CPU
		{303D90E0-23E2-4650-B8F6-BADEB77B77E6}.Debug|x64.ActiveCfg = Debug|Any CPU
		{303D90E0-23E2-4650-B8F6-BADEB77B77E6}.Debug|x64.Build.0 = Debug|Any CPU
		{303D90E0-23E2-4650-B8F6-BADEB77B77E6}.Debug|x86.ActiveCfg = Debug|Any CPU
		{303D90E0-23E2-4650-B8F6-BADEB77B77E6}.Debug|x86.Build.0 = Debug|Any CPU
		{303D90E0-23E2-4650-B8F6-BADEB77B77E6}.Release|Any CPU.ActiveCfg = Release|Any CPU
		{303D90E0-23E2-4650-B8F6-BADEB77B77E6}.Release|Any CPU.Build.0 = Release|Any CPU
		{303D90E0-23E2-4650-B8F6-BADEB77B77E6}.Release|x64.ActiveCfg = Release|Any CPU
		{303D90E0-23E2-4650-B8F6-BADEB77B77E6}.Release|x64.Build.0 = Release|Any CPU
		{303D90E0-23E2-4650-B8F6-BADEB77B77E6}.Release|x86.ActiveCfg = Release|Any CPU
		{303D90E0-23E2-4650-B8F6-BADEB77B77E6}.Release|x86.Build.0 = Release|Any CPU
		{97DEFBB4-9A21-4184-9B19-561D32C369F1}.Debug|Any CPU.ActiveCfg = Debug|Any CPU
		{97DEFBB4-9A21-4184-9B19-561D32C369F1}.Debug|Any CPU.Build.0 = Debug|Any CPU
		{97DEFBB4-9A21-4184-9B19-561D32C369F1}.Debug|x64.ActiveCfg = Debug|Any CPU
		{97DEFBB4-9A21-4184-9B19-561D32C369F1}.Debug|x64.Build.0 = Debug|Any CPU
		{97DEFBB4-9A21-4184-9B19-561D32C369F1}.Debug|x86.ActiveCfg = Debug|Any CPU
		{97DEFBB4-9A21-4184-9B19-561D32C369F1}.Debug|x86.Build.0 = Debug|Any CPU
		{97DEFBB4-9A21-4184-9B19-561D32C369F1}.Release|Any CPU.ActiveCfg = Release|Any CPU
		{97DEFBB4-9A21-4184-9B19-561D32C369F1}.Release|Any CPU.Build.0 = Release|Any CPU
		{97DEFBB4-9A21-4184-9B19-561D32C369F1}.Release|x64.ActiveCfg = Release|Any CPU
		{97DEFBB4-9A21-4184-9B19-561D32C369F1}.Release|x64.Build.0 = Release|Any CPU
		{97DEFBB4-9A21-4184-9B19-561D32C369F1}.Release|x86.ActiveCfg = Release|Any CPU
		{97DEFBB4-9A21-4184-9B19-561D32C369F1}.Release|x86.Build.0 = Release|Any CPU
		{C90FC9F5-87B2-4988-9453-1B6D491FF198}.Debug|Any CPU.ActiveCfg = Debug|Any CPU
		{C90FC9F5-87B2-4988-9453-1B6D491FF198}.Debug|Any CPU.Build.0 = Debug|Any CPU
		{C90FC9F5-87B2-4988-9453-1B6D491FF198}.Debug|x64.ActiveCfg = Debug|Any CPU
		{C90FC9F5-87B2-4988-9453-1B6D491FF198}.Debug|x64.Build.0 = Debug|Any CPU
		{C90FC9F5-87B2-4988-9453-1B6D491FF198}.Debug|x86.ActiveCfg = Debug|Any CPU
		{C90FC9F5-87B2-4988-9453-1B6D491FF198}.Debug|x86.Build.0 = Debug|Any CPU
		{C90FC9F5-87B2-4988-9453-1B6D491FF198}.Release|Any CPU.ActiveCfg = Release|Any CPU
		{C90FC9F5-87B2-4988-9453-1B6D491FF198}.Release|Any CPU.Build.0 = Release|Any CPU
		{C90FC9F5-87B2-4988-9453-1B6D491FF198}.Release|x64.ActiveCfg = Release|Any CPU
		{C90FC9F5-87B2-4988-9453-1B6D491FF198}.Release|x64.Build.0 = Release|Any CPU
		{C90FC9F5-87B2-4988-9453-1B6D491FF198}.Release|x86.ActiveCfg = Release|Any CPU
		{C90FC9F5-87B2-4988-9453-1B6D491FF198}.Release|x86.Build.0 = Release|Any CPU
		{2BD63241-2176-47F0-BBB7-27A0FDCA0E18}.Debug|Any CPU.ActiveCfg = Debug|Any CPU
		{2BD63241-2176-47F0-BBB7-27A0FDCA0E18}.Debug|Any CPU.Build.0 = Debug|Any CPU
		{2BD63241-2176-47F0-BBB7-27A0FDCA0E18}.Debug|x64.ActiveCfg = Debug|Any CPU
		{2BD63241-2176-47F0-BBB7-27A0FDCA0E18}.Debug|x64.Build.0 = Debug|Any CPU
		{2BD63241-2176-47F0-BBB7-27A0FDCA0E18}.Debug|x86.ActiveCfg = Debug|Any CPU
		{2BD63241-2176-47F0-BBB7-27A0FDCA0E18}.Debug|x86.Build.0 = Debug|Any CPU
		{2BD63241-2176-47F0-BBB7-27A0FDCA0E18}.Release|Any CPU.ActiveCfg = Release|Any CPU
		{2BD63241-2176-47F0-BBB7-27A0FDCA0E18}.Release|Any CPU.Build.0 = Release|Any CPU
		{2BD63241-2176-47F0-BBB7-27A0FDCA0E18}.Release|x64.ActiveCfg = Release|Any CPU
		{2BD63241-2176-47F0-BBB7-27A0FDCA0E18}.Release|x64.Build.0 = Release|Any CPU
		{2BD63241-2176-47F0-BBB7-27A0FDCA0E18}.Release|x86.ActiveCfg = Release|Any CPU
		{2BD63241-2176-47F0-BBB7-27A0FDCA0E18}.Release|x86.Build.0 = Release|Any CPU
		{F7C6D3E7-724F-4AA6-9762-3C36710D76E4}.Debug|Any CPU.ActiveCfg = Debug|Any CPU
		{F7C6D3E7-724F-4AA6-9762-3C36710D76E4}.Debug|Any CPU.Build.0 = Debug|Any CPU
		{F7C6D3E7-724F-4AA6-9762-3C36710D76E4}.Debug|x64.ActiveCfg = Debug|Any CPU
		{F7C6D3E7-724F-4AA6-9762-3C36710D76E4}.Debug|x64.Build.0 = Debug|Any CPU
		{F7C6D3E7-724F-4AA6-9762-3C36710D76E4}.Debug|x86.ActiveCfg = Debug|Any CPU
		{F7C6D3E7-724F-4AA6-9762-3C36710D76E4}.Debug|x86.Build.0 = Debug|Any CPU
		{F7C6D3E7-724F-4AA6-9762-3C36710D76E4}.Release|Any CPU.ActiveCfg = Release|Any CPU
		{F7C6D3E7-724F-4AA6-9762-3C36710D76E4}.Release|Any CPU.Build.0 = Release|Any CPU
		{F7C6D3E7-724F-4AA6-9762-3C36710D76E4}.Release|x64.ActiveCfg = Release|Any CPU
		{F7C6D3E7-724F-4AA6-9762-3C36710D76E4}.Release|x64.Build.0 = Release|Any CPU
		{F7C6D3E7-724F-4AA6-9762-3C36710D76E4}.Release|x86.ActiveCfg = Release|Any CPU
		{F7C6D3E7-724F-4AA6-9762-3C36710D76E4}.Release|x86.Build.0 = Release|Any CPU
		{84BD7CD8-405C-4EC7-9F90-1B821CCE597C}.Debug|Any CPU.ActiveCfg = Debug|Any CPU
		{84BD7CD8-405C-4EC7-9F90-1B821CCE597C}.Debug|Any CPU.Build.0 = Debug|Any CPU
		{84BD7CD8-405C-4EC7-9F90-1B821CCE597C}.Debug|x64.ActiveCfg = Debug|Any CPU
		{84BD7CD8-405C-4EC7-9F90-1B821CCE597C}.Debug|x64.Build.0 = Debug|Any CPU
		{84BD7CD8-405C-4EC7-9F90-1B821CCE597C}.Debug|x86.ActiveCfg = Debug|Any CPU
		{84BD7CD8-405C-4EC7-9F90-1B821CCE597C}.Debug|x86.Build.0 = Debug|Any CPU
		{84BD7CD8-405C-4EC7-9F90-1B821CCE597C}.Release|Any CPU.ActiveCfg = Release|Any CPU
		{84BD7CD8-405C-4EC7-9F90-1B821CCE597C}.Release|Any CPU.Build.0 = Release|Any CPU
		{84BD7CD8-405C-4EC7-9F90-1B821CCE597C}.Release|x64.ActiveCfg = Release|Any CPU
		{84BD7CD8-405C-4EC7-9F90-1B821CCE597C}.Release|x64.Build.0 = Release|Any CPU
		{84BD7CD8-405C-4EC7-9F90-1B821CCE597C}.Release|x86.ActiveCfg = Release|Any CPU
		{84BD7CD8-405C-4EC7-9F90-1B821CCE597C}.Release|x86.Build.0 = Release|Any CPU
		{1667B66F-D8E1-4227-9876-1DBE82BDF5B8}.Debug|Any CPU.ActiveCfg = Debug|Any CPU
		{1667B66F-D8E1-4227-9876-1DBE82BDF5B8}.Debug|Any CPU.Build.0 = Debug|Any CPU
		{1667B66F-D8E1-4227-9876-1DBE82BDF5B8}.Debug|x64.ActiveCfg = Debug|Any CPU
		{1667B66F-D8E1-4227-9876-1DBE82BDF5B8}.Debug|x64.Build.0 = Debug|Any CPU
		{1667B66F-D8E1-4227-9876-1DBE82BDF5B8}.Debug|x86.ActiveCfg = Debug|Any CPU
		{1667B66F-D8E1-4227-9876-1DBE82BDF5B8}.Debug|x86.Build.0 = Debug|Any CPU
		{1667B66F-D8E1-4227-9876-1DBE82BDF5B8}.Release|Any CPU.ActiveCfg = Release|Any CPU
		{1667B66F-D8E1-4227-9876-1DBE82BDF5B8}.Release|Any CPU.Build.0 = Release|Any CPU
		{1667B66F-D8E1-4227-9876-1DBE82BDF5B8}.Release|x64.ActiveCfg = Release|Any CPU
		{1667B66F-D8E1-4227-9876-1DBE82BDF5B8}.Release|x64.Build.0 = Release|Any CPU
		{1667B66F-D8E1-4227-9876-1DBE82BDF5B8}.Release|x86.ActiveCfg = Release|Any CPU
		{1667B66F-D8E1-4227-9876-1DBE82BDF5B8}.Release|x86.Build.0 = Release|Any CPU
		{33EFCE07-34DF-4686-AE98-1D4FC9767D5A}.Debug|Any CPU.ActiveCfg = Debug|Any CPU
		{33EFCE07-34DF-4686-AE98-1D4FC9767D5A}.Debug|Any CPU.Build.0 = Debug|Any CPU
		{33EFCE07-34DF-4686-AE98-1D4FC9767D5A}.Debug|x64.ActiveCfg = Debug|Any CPU
		{33EFCE07-34DF-4686-AE98-1D4FC9767D5A}.Debug|x64.Build.0 = Debug|Any CPU
		{33EFCE07-34DF-4686-AE98-1D4FC9767D5A}.Debug|x86.ActiveCfg = Debug|Any CPU
		{33EFCE07-34DF-4686-AE98-1D4FC9767D5A}.Debug|x86.Build.0 = Debug|Any CPU
		{33EFCE07-34DF-4686-AE98-1D4FC9767D5A}.Release|Any CPU.ActiveCfg = Release|Any CPU
		{33EFCE07-34DF-4686-AE98-1D4FC9767D5A}.Release|Any CPU.Build.0 = Release|Any CPU
		{33EFCE07-34DF-4686-AE98-1D4FC9767D5A}.Release|x64.ActiveCfg = Release|Any CPU
		{33EFCE07-34DF-4686-AE98-1D4FC9767D5A}.Release|x64.Build.0 = Release|Any CPU
		{33EFCE07-34DF-4686-AE98-1D4FC9767D5A}.Release|x86.ActiveCfg = Release|Any CPU
		{33EFCE07-34DF-4686-AE98-1D4FC9767D5A}.Release|x86.Build.0 = Release|Any CPU
		{62E08F51-EC50-4F88-8414-6CD21F719D13}.Debug|Any CPU.ActiveCfg = Debug|Any CPU
		{62E08F51-EC50-4F88-8414-6CD21F719D13}.Debug|Any CPU.Build.0 = Debug|Any CPU
		{62E08F51-EC50-4F88-8414-6CD21F719D13}.Debug|x64.ActiveCfg = Debug|Any CPU
		{62E08F51-EC50-4F88-8414-6CD21F719D13}.Debug|x64.Build.0 = Debug|Any CPU
		{62E08F51-EC50-4F88-8414-6CD21F719D13}.Debug|x86.ActiveCfg = Debug|Any CPU
		{62E08F51-EC50-4F88-8414-6CD21F719D13}.Debug|x86.Build.0 = Debug|Any CPU
		{62E08F51-EC50-4F88-8414-6CD21F719D13}.Release|Any CPU.ActiveCfg = Release|Any CPU
		{62E08F51-EC50-4F88-8414-6CD21F719D13}.Release|Any CPU.Build.0 = Release|Any CPU
		{62E08F51-EC50-4F88-8414-6CD21F719D13}.Release|x64.ActiveCfg = Release|Any CPU
		{62E08F51-EC50-4F88-8414-6CD21F719D13}.Release|x64.Build.0 = Release|Any CPU
		{62E08F51-EC50-4F88-8414-6CD21F719D13}.Release|x86.ActiveCfg = Release|Any CPU
		{62E08F51-EC50-4F88-8414-6CD21F719D13}.Release|x86.Build.0 = Release|Any CPU
		{5D237D3A-1128-4CB6-ACA3-27D89DD47B1C}.Debug|Any CPU.ActiveCfg = Debug|Any CPU
		{5D237D3A-1128-4CB6-ACA3-27D89DD47B1C}.Debug|Any CPU.Build.0 = Debug|Any CPU
		{5D237D3A-1128-4CB6-ACA3-27D89DD47B1C}.Debug|x64.ActiveCfg = Debug|Any CPU
		{5D237D3A-1128-4CB6-ACA3-27D89DD47B1C}.Debug|x64.Build.0 = Debug|Any CPU
		{5D237D3A-1128-4CB6-ACA3-27D89DD47B1C}.Debug|x86.ActiveCfg = Debug|Any CPU
		{5D237D3A-1128-4CB6-ACA3-27D89DD47B1C}.Debug|x86.Build.0 = Debug|Any CPU
		{5D237D3A-1128-4CB6-ACA3-27D89DD47B1C}.Release|Any CPU.ActiveCfg = Release|Any CPU
		{5D237D3A-1128-4CB6-ACA3-27D89DD47B1C}.Release|Any CPU.Build.0 = Release|Any CPU
		{5D237D3A-1128-4CB6-ACA3-27D89DD47B1C}.Release|x64.ActiveCfg = Release|Any CPU
		{5D237D3A-1128-4CB6-ACA3-27D89DD47B1C}.Release|x64.Build.0 = Release|Any CPU
		{5D237D3A-1128-4CB6-ACA3-27D89DD47B1C}.Release|x86.ActiveCfg = Release|Any CPU
		{5D237D3A-1128-4CB6-ACA3-27D89DD47B1C}.Release|x86.Build.0 = Release|Any CPU
		{9312EED1-517F-4F71-843F-C5381F237252}.Debug|Any CPU.ActiveCfg = Debug|Any CPU
		{9312EED1-517F-4F71-843F-C5381F237252}.Debug|Any CPU.Build.0 = Debug|Any CPU
		{9312EED1-517F-4F71-843F-C5381F237252}.Debug|x64.ActiveCfg = Debug|Any CPU
		{9312EED1-517F-4F71-843F-C5381F237252}.Debug|x64.Build.0 = Debug|Any CPU
		{9312EED1-517F-4F71-843F-C5381F237252}.Debug|x86.ActiveCfg = Debug|Any CPU
		{9312EED1-517F-4F71-843F-C5381F237252}.Debug|x86.Build.0 = Debug|Any CPU
		{9312EED1-517F-4F71-843F-C5381F237252}.Release|Any CPU.ActiveCfg = Release|Any CPU
		{9312EED1-517F-4F71-843F-C5381F237252}.Release|Any CPU.Build.0 = Release|Any CPU
		{9312EED1-517F-4F71-843F-C5381F237252}.Release|x64.ActiveCfg = Release|Any CPU
		{9312EED1-517F-4F71-843F-C5381F237252}.Release|x64.Build.0 = Release|Any CPU
		{9312EED1-517F-4F71-843F-C5381F237252}.Release|x86.ActiveCfg = Release|Any CPU
		{9312EED1-517F-4F71-843F-C5381F237252}.Release|x86.Build.0 = Release|Any CPU
		{127CF82B-F7AF-413F-8B4E-8827AFD25EFE}.Debug|Any CPU.ActiveCfg = Debug|Any CPU
		{127CF82B-F7AF-413F-8B4E-8827AFD25EFE}.Debug|Any CPU.Build.0 = Debug|Any CPU
		{127CF82B-F7AF-413F-8B4E-8827AFD25EFE}.Debug|x64.ActiveCfg = Debug|Any CPU
		{127CF82B-F7AF-413F-8B4E-8827AFD25EFE}.Debug|x64.Build.0 = Debug|Any CPU
		{127CF82B-F7AF-413F-8B4E-8827AFD25EFE}.Debug|x86.ActiveCfg = Debug|Any CPU
		{127CF82B-F7AF-413F-8B4E-8827AFD25EFE}.Debug|x86.Build.0 = Debug|Any CPU
		{127CF82B-F7AF-413F-8B4E-8827AFD25EFE}.Release|Any CPU.ActiveCfg = Release|Any CPU
		{127CF82B-F7AF-413F-8B4E-8827AFD25EFE}.Release|Any CPU.Build.0 = Release|Any CPU
		{127CF82B-F7AF-413F-8B4E-8827AFD25EFE}.Release|x64.ActiveCfg = Release|Any CPU
		{127CF82B-F7AF-413F-8B4E-8827AFD25EFE}.Release|x64.Build.0 = Release|Any CPU
		{127CF82B-F7AF-413F-8B4E-8827AFD25EFE}.Release|x86.ActiveCfg = Release|Any CPU
		{127CF82B-F7AF-413F-8B4E-8827AFD25EFE}.Release|x86.Build.0 = Release|Any CPU
		{4F847B0A-5F06-497A-BF9B-ADCA2C39F301}.Debug|Any CPU.ActiveCfg = Debug|Any CPU
		{4F847B0A-5F06-497A-BF9B-ADCA2C39F301}.Debug|Any CPU.Build.0 = Debug|Any CPU
		{4F847B0A-5F06-497A-BF9B-ADCA2C39F301}.Debug|x64.ActiveCfg = Debug|Any CPU
		{4F847B0A-5F06-497A-BF9B-ADCA2C39F301}.Debug|x64.Build.0 = Debug|Any CPU
		{4F847B0A-5F06-497A-BF9B-ADCA2C39F301}.Debug|x86.ActiveCfg = Debug|Any CPU
		{4F847B0A-5F06-497A-BF9B-ADCA2C39F301}.Debug|x86.Build.0 = Debug|Any CPU
		{4F847B0A-5F06-497A-BF9B-ADCA2C39F301}.Release|Any CPU.ActiveCfg = Release|Any CPU
		{4F847B0A-5F06-497A-BF9B-ADCA2C39F301}.Release|Any CPU.Build.0 = Release|Any CPU
		{4F847B0A-5F06-497A-BF9B-ADCA2C39F301}.Release|x64.ActiveCfg = Release|Any CPU
		{4F847B0A-5F06-497A-BF9B-ADCA2C39F301}.Release|x64.Build.0 = Release|Any CPU
		{4F847B0A-5F06-497A-BF9B-ADCA2C39F301}.Release|x86.ActiveCfg = Release|Any CPU
		{4F847B0A-5F06-497A-BF9B-ADCA2C39F301}.Release|x86.Build.0 = Release|Any CPU
		{5C13320B-2205-44C4-A9C0-8A7AA845E2E7}.Debug|Any CPU.ActiveCfg = Debug|Any CPU
		{5C13320B-2205-44C4-A9C0-8A7AA845E2E7}.Debug|Any CPU.Build.0 = Debug|Any CPU
		{5C13320B-2205-44C4-A9C0-8A7AA845E2E7}.Debug|x64.ActiveCfg = Debug|Any CPU
		{5C13320B-2205-44C4-A9C0-8A7AA845E2E7}.Debug|x64.Build.0 = Debug|Any CPU
		{5C13320B-2205-44C4-A9C0-8A7AA845E2E7}.Debug|x86.ActiveCfg = Debug|Any CPU
		{5C13320B-2205-44C4-A9C0-8A7AA845E2E7}.Debug|x86.Build.0 = Debug|Any CPU
		{5C13320B-2205-44C4-A9C0-8A7AA845E2E7}.Release|Any CPU.ActiveCfg = Release|Any CPU
		{5C13320B-2205-44C4-A9C0-8A7AA845E2E7}.Release|Any CPU.Build.0 = Release|Any CPU
		{5C13320B-2205-44C4-A9C0-8A7AA845E2E7}.Release|x64.ActiveCfg = Release|Any CPU
		{5C13320B-2205-44C4-A9C0-8A7AA845E2E7}.Release|x64.Build.0 = Release|Any CPU
		{5C13320B-2205-44C4-A9C0-8A7AA845E2E7}.Release|x86.ActiveCfg = Release|Any CPU
		{5C13320B-2205-44C4-A9C0-8A7AA845E2E7}.Release|x86.Build.0 = Release|Any CPU
		{34B356B5-0569-4FBA-AC8C-B9DE74E07DDE}.Debug|Any CPU.ActiveCfg = Debug|Any CPU
		{34B356B5-0569-4FBA-AC8C-B9DE74E07DDE}.Debug|Any CPU.Build.0 = Debug|Any CPU
		{34B356B5-0569-4FBA-AC8C-B9DE74E07DDE}.Debug|x64.ActiveCfg = Debug|Any CPU
		{34B356B5-0569-4FBA-AC8C-B9DE74E07DDE}.Debug|x64.Build.0 = Debug|Any CPU
		{34B356B5-0569-4FBA-AC8C-B9DE74E07DDE}.Debug|x86.ActiveCfg = Debug|Any CPU
		{34B356B5-0569-4FBA-AC8C-B9DE74E07DDE}.Debug|x86.Build.0 = Debug|Any CPU
		{34B356B5-0569-4FBA-AC8C-B9DE74E07DDE}.Release|Any CPU.ActiveCfg = Release|Any CPU
		{34B356B5-0569-4FBA-AC8C-B9DE74E07DDE}.Release|Any CPU.Build.0 = Release|Any CPU
		{34B356B5-0569-4FBA-AC8C-B9DE74E07DDE}.Release|x64.ActiveCfg = Release|Any CPU
		{34B356B5-0569-4FBA-AC8C-B9DE74E07DDE}.Release|x64.Build.0 = Release|Any CPU
		{34B356B5-0569-4FBA-AC8C-B9DE74E07DDE}.Release|x86.ActiveCfg = Release|Any CPU
		{34B356B5-0569-4FBA-AC8C-B9DE74E07DDE}.Release|x86.Build.0 = Release|Any CPU
		{A38E150F-D453-4E3B-9F9A-59123CA3ED60}.Debug|Any CPU.ActiveCfg = Debug|Any CPU
		{A38E150F-D453-4E3B-9F9A-59123CA3ED60}.Debug|Any CPU.Build.0 = Debug|Any CPU
		{A38E150F-D453-4E3B-9F9A-59123CA3ED60}.Debug|x64.ActiveCfg = Debug|Any CPU
		{A38E150F-D453-4E3B-9F9A-59123CA3ED60}.Debug|x64.Build.0 = Debug|Any CPU
		{A38E150F-D453-4E3B-9F9A-59123CA3ED60}.Debug|x86.ActiveCfg = Debug|Any CPU
		{A38E150F-D453-4E3B-9F9A-59123CA3ED60}.Debug|x86.Build.0 = Debug|Any CPU
		{A38E150F-D453-4E3B-9F9A-59123CA3ED60}.Release|Any CPU.ActiveCfg = Release|Any CPU
		{A38E150F-D453-4E3B-9F9A-59123CA3ED60}.Release|Any CPU.Build.0 = Release|Any CPU
		{A38E150F-D453-4E3B-9F9A-59123CA3ED60}.Release|x64.ActiveCfg = Release|Any CPU
		{A38E150F-D453-4E3B-9F9A-59123CA3ED60}.Release|x64.Build.0 = Release|Any CPU
		{A38E150F-D453-4E3B-9F9A-59123CA3ED60}.Release|x86.ActiveCfg = Release|Any CPU
		{A38E150F-D453-4E3B-9F9A-59123CA3ED60}.Release|x86.Build.0 = Release|Any CPU
		{6DE496EC-6D86-4574-AA54-5C0360294A8F}.Debug|Any CPU.ActiveCfg = Debug|Any CPU
		{6DE496EC-6D86-4574-AA54-5C0360294A8F}.Debug|Any CPU.Build.0 = Debug|Any CPU
		{6DE496EC-6D86-4574-AA54-5C0360294A8F}.Debug|x64.ActiveCfg = Debug|Any CPU
		{6DE496EC-6D86-4574-AA54-5C0360294A8F}.Debug|x64.Build.0 = Debug|Any CPU
		{6DE496EC-6D86-4574-AA54-5C0360294A8F}.Debug|x86.ActiveCfg = Debug|Any CPU
		{6DE496EC-6D86-4574-AA54-5C0360294A8F}.Debug|x86.Build.0 = Debug|Any CPU
		{6DE496EC-6D86-4574-AA54-5C0360294A8F}.Release|Any CPU.ActiveCfg = Release|Any CPU
		{6DE496EC-6D86-4574-AA54-5C0360294A8F}.Release|Any CPU.Build.0 = Release|Any CPU
		{6DE496EC-6D86-4574-AA54-5C0360294A8F}.Release|x64.ActiveCfg = Release|Any CPU
		{6DE496EC-6D86-4574-AA54-5C0360294A8F}.Release|x64.Build.0 = Release|Any CPU
		{6DE496EC-6D86-4574-AA54-5C0360294A8F}.Release|x86.ActiveCfg = Release|Any CPU
		{6DE496EC-6D86-4574-AA54-5C0360294A8F}.Release|x86.Build.0 = Release|Any CPU
		{401767DC-4FEE-42AF-B496-D96B4AF40FCC}.Debug|Any CPU.ActiveCfg = Debug|Any CPU
		{401767DC-4FEE-42AF-B496-D96B4AF40FCC}.Debug|Any CPU.Build.0 = Debug|Any CPU
		{401767DC-4FEE-42AF-B496-D96B4AF40FCC}.Debug|x64.ActiveCfg = Debug|Any CPU
		{401767DC-4FEE-42AF-B496-D96B4AF40FCC}.Debug|x64.Build.0 = Debug|Any CPU
		{401767DC-4FEE-42AF-B496-D96B4AF40FCC}.Debug|x86.ActiveCfg = Debug|Any CPU
		{401767DC-4FEE-42AF-B496-D96B4AF40FCC}.Debug|x86.Build.0 = Debug|Any CPU
		{401767DC-4FEE-42AF-B496-D96B4AF40FCC}.Release|Any CPU.ActiveCfg = Release|Any CPU
		{401767DC-4FEE-42AF-B496-D96B4AF40FCC}.Release|Any CPU.Build.0 = Release|Any CPU
		{401767DC-4FEE-42AF-B496-D96B4AF40FCC}.Release|x64.ActiveCfg = Release|Any CPU
		{401767DC-4FEE-42AF-B496-D96B4AF40FCC}.Release|x64.Build.0 = Release|Any CPU
		{401767DC-4FEE-42AF-B496-D96B4AF40FCC}.Release|x86.ActiveCfg = Release|Any CPU
		{401767DC-4FEE-42AF-B496-D96B4AF40FCC}.Release|x86.Build.0 = Release|Any CPU
		{70347C0E-5B72-4E15-BF15-80FBF5B2AF1C}.Debug|Any CPU.ActiveCfg = Debug|Any CPU
		{70347C0E-5B72-4E15-BF15-80FBF5B2AF1C}.Debug|Any CPU.Build.0 = Debug|Any CPU
		{70347C0E-5B72-4E15-BF15-80FBF5B2AF1C}.Debug|x64.ActiveCfg = Debug|Any CPU
		{70347C0E-5B72-4E15-BF15-80FBF5B2AF1C}.Debug|x64.Build.0 = Debug|Any CPU
		{70347C0E-5B72-4E15-BF15-80FBF5B2AF1C}.Debug|x86.ActiveCfg = Debug|Any CPU
		{70347C0E-5B72-4E15-BF15-80FBF5B2AF1C}.Debug|x86.Build.0 = Debug|Any CPU
		{70347C0E-5B72-4E15-BF15-80FBF5B2AF1C}.Release|Any CPU.ActiveCfg = Release|Any CPU
		{70347C0E-5B72-4E15-BF15-80FBF5B2AF1C}.Release|Any CPU.Build.0 = Release|Any CPU
		{70347C0E-5B72-4E15-BF15-80FBF5B2AF1C}.Release|x64.ActiveCfg = Release|Any CPU
		{70347C0E-5B72-4E15-BF15-80FBF5B2AF1C}.Release|x64.Build.0 = Release|Any CPU
		{70347C0E-5B72-4E15-BF15-80FBF5B2AF1C}.Release|x86.ActiveCfg = Release|Any CPU
		{70347C0E-5B72-4E15-BF15-80FBF5B2AF1C}.Release|x86.Build.0 = Release|Any CPU
		{05A313B2-5F43-4D40-8E43-CD64C05FB7B7}.Debug|Any CPU.ActiveCfg = Debug|Any CPU
		{05A313B2-5F43-4D40-8E43-CD64C05FB7B7}.Debug|Any CPU.Build.0 = Debug|Any CPU
		{05A313B2-5F43-4D40-8E43-CD64C05FB7B7}.Debug|x64.ActiveCfg = Debug|Any CPU
		{05A313B2-5F43-4D40-8E43-CD64C05FB7B7}.Debug|x64.Build.0 = Debug|Any CPU
		{05A313B2-5F43-4D40-8E43-CD64C05FB7B7}.Debug|x86.ActiveCfg = Debug|Any CPU
		{05A313B2-5F43-4D40-8E43-CD64C05FB7B7}.Debug|x86.Build.0 = Debug|Any CPU
		{05A313B2-5F43-4D40-8E43-CD64C05FB7B7}.Release|Any CPU.ActiveCfg = Release|Any CPU
		{05A313B2-5F43-4D40-8E43-CD64C05FB7B7}.Release|Any CPU.Build.0 = Release|Any CPU
		{05A313B2-5F43-4D40-8E43-CD64C05FB7B7}.Release|x64.ActiveCfg = Release|Any CPU
		{05A313B2-5F43-4D40-8E43-CD64C05FB7B7}.Release|x64.Build.0 = Release|Any CPU
		{05A313B2-5F43-4D40-8E43-CD64C05FB7B7}.Release|x86.ActiveCfg = Release|Any CPU
		{05A313B2-5F43-4D40-8E43-CD64C05FB7B7}.Release|x86.Build.0 = Release|Any CPU
		{994ECAC3-5F66-4024-9D04-46C63AE08045}.Debug|Any CPU.ActiveCfg = Debug|Any CPU
		{994ECAC3-5F66-4024-9D04-46C63AE08045}.Debug|Any CPU.Build.0 = Debug|Any CPU
		{994ECAC3-5F66-4024-9D04-46C63AE08045}.Debug|x64.ActiveCfg = Debug|Any CPU
		{994ECAC3-5F66-4024-9D04-46C63AE08045}.Debug|x64.Build.0 = Debug|Any CPU
		{994ECAC3-5F66-4024-9D04-46C63AE08045}.Debug|x86.ActiveCfg = Debug|Any CPU
		{994ECAC3-5F66-4024-9D04-46C63AE08045}.Debug|x86.Build.0 = Debug|Any CPU
		{994ECAC3-5F66-4024-9D04-46C63AE08045}.Release|Any CPU.ActiveCfg = Release|Any CPU
		{994ECAC3-5F66-4024-9D04-46C63AE08045}.Release|Any CPU.Build.0 = Release|Any CPU
		{994ECAC3-5F66-4024-9D04-46C63AE08045}.Release|x64.ActiveCfg = Release|Any CPU
		{994ECAC3-5F66-4024-9D04-46C63AE08045}.Release|x64.Build.0 = Release|Any CPU
		{994ECAC3-5F66-4024-9D04-46C63AE08045}.Release|x86.ActiveCfg = Release|Any CPU
		{994ECAC3-5F66-4024-9D04-46C63AE08045}.Release|x86.Build.0 = Release|Any CPU
		{E4480BD7-A595-4CBE-9E21-DD6DA8773390}.Debug|Any CPU.ActiveCfg = Debug|Any CPU
		{E4480BD7-A595-4CBE-9E21-DD6DA8773390}.Debug|Any CPU.Build.0 = Debug|Any CPU
		{E4480BD7-A595-4CBE-9E21-DD6DA8773390}.Debug|x64.ActiveCfg = Debug|Any CPU
		{E4480BD7-A595-4CBE-9E21-DD6DA8773390}.Debug|x64.Build.0 = Debug|Any CPU
		{E4480BD7-A595-4CBE-9E21-DD6DA8773390}.Debug|x86.ActiveCfg = Debug|Any CPU
		{E4480BD7-A595-4CBE-9E21-DD6DA8773390}.Debug|x86.Build.0 = Debug|Any CPU
		{E4480BD7-A595-4CBE-9E21-DD6DA8773390}.Release|Any CPU.ActiveCfg = Release|Any CPU
		{E4480BD7-A595-4CBE-9E21-DD6DA8773390}.Release|Any CPU.Build.0 = Release|Any CPU
		{E4480BD7-A595-4CBE-9E21-DD6DA8773390}.Release|x64.ActiveCfg = Release|Any CPU
		{E4480BD7-A595-4CBE-9E21-DD6DA8773390}.Release|x64.Build.0 = Release|Any CPU
		{E4480BD7-A595-4CBE-9E21-DD6DA8773390}.Release|x86.ActiveCfg = Release|Any CPU
		{E4480BD7-A595-4CBE-9E21-DD6DA8773390}.Release|x86.Build.0 = Release|Any CPU
		{B175F9EF-B815-4B24-BF0C-41E99DC2CF88}.Debug|Any CPU.ActiveCfg = Debug|Any CPU
		{B175F9EF-B815-4B24-BF0C-41E99DC2CF88}.Debug|Any CPU.Build.0 = Debug|Any CPU
		{B175F9EF-B815-4B24-BF0C-41E99DC2CF88}.Debug|x64.ActiveCfg = Debug|Any CPU
		{B175F9EF-B815-4B24-BF0C-41E99DC2CF88}.Debug|x64.Build.0 = Debug|Any CPU
		{B175F9EF-B815-4B24-BF0C-41E99DC2CF88}.Debug|x86.ActiveCfg = Debug|Any CPU
		{B175F9EF-B815-4B24-BF0C-41E99DC2CF88}.Debug|x86.Build.0 = Debug|Any CPU
		{B175F9EF-B815-4B24-BF0C-41E99DC2CF88}.Release|Any CPU.ActiveCfg = Release|Any CPU
		{B175F9EF-B815-4B24-BF0C-41E99DC2CF88}.Release|Any CPU.Build.0 = Release|Any CPU
		{B175F9EF-B815-4B24-BF0C-41E99DC2CF88}.Release|x64.ActiveCfg = Release|Any CPU
		{B175F9EF-B815-4B24-BF0C-41E99DC2CF88}.Release|x64.Build.0 = Release|Any CPU
		{B175F9EF-B815-4B24-BF0C-41E99DC2CF88}.Release|x86.ActiveCfg = Release|Any CPU
		{B175F9EF-B815-4B24-BF0C-41E99DC2CF88}.Release|x86.Build.0 = Release|Any CPU
		{D23E56B4-D02B-495A-BF14-18B2639222CE}.Debug|Any CPU.ActiveCfg = Debug|Any CPU
		{D23E56B4-D02B-495A-BF14-18B2639222CE}.Debug|Any CPU.Build.0 = Debug|Any CPU
		{D23E56B4-D02B-495A-BF14-18B2639222CE}.Debug|x64.ActiveCfg = Debug|Any CPU
		{D23E56B4-D02B-495A-BF14-18B2639222CE}.Debug|x64.Build.0 = Debug|Any CPU
		{D23E56B4-D02B-495A-BF14-18B2639222CE}.Debug|x86.ActiveCfg = Debug|Any CPU
		{D23E56B4-D02B-495A-BF14-18B2639222CE}.Debug|x86.Build.0 = Debug|Any CPU
		{D23E56B4-D02B-495A-BF14-18B2639222CE}.Release|Any CPU.ActiveCfg = Release|Any CPU
		{D23E56B4-D02B-495A-BF14-18B2639222CE}.Release|Any CPU.Build.0 = Release|Any CPU
		{D23E56B4-D02B-495A-BF14-18B2639222CE}.Release|x64.ActiveCfg = Release|Any CPU
		{D23E56B4-D02B-495A-BF14-18B2639222CE}.Release|x64.Build.0 = Release|Any CPU
		{D23E56B4-D02B-495A-BF14-18B2639222CE}.Release|x86.ActiveCfg = Release|Any CPU
		{D23E56B4-D02B-495A-BF14-18B2639222CE}.Release|x86.Build.0 = Release|Any CPU
		{564CC7A9-CB9E-4EEA-B8F5-0F6A362F0B21}.Debug|Any CPU.ActiveCfg = Debug|Any CPU
		{564CC7A9-CB9E-4EEA-B8F5-0F6A362F0B21}.Debug|Any CPU.Build.0 = Debug|Any CPU
		{564CC7A9-CB9E-4EEA-B8F5-0F6A362F0B21}.Debug|x64.ActiveCfg = Debug|Any CPU
		{564CC7A9-CB9E-4EEA-B8F5-0F6A362F0B21}.Debug|x64.Build.0 = Debug|Any CPU
		{564CC7A9-CB9E-4EEA-B8F5-0F6A362F0B21}.Debug|x86.ActiveCfg = Debug|Any CPU
		{564CC7A9-CB9E-4EEA-B8F5-0F6A362F0B21}.Debug|x86.Build.0 = Debug|Any CPU
		{564CC7A9-CB9E-4EEA-B8F5-0F6A362F0B21}.Release|Any CPU.ActiveCfg = Release|Any CPU
		{564CC7A9-CB9E-4EEA-B8F5-0F6A362F0B21}.Release|Any CPU.Build.0 = Release|Any CPU
		{564CC7A9-CB9E-4EEA-B8F5-0F6A362F0B21}.Release|x64.ActiveCfg = Release|Any CPU
		{564CC7A9-CB9E-4EEA-B8F5-0F6A362F0B21}.Release|x64.Build.0 = Release|Any CPU
		{564CC7A9-CB9E-4EEA-B8F5-0F6A362F0B21}.Release|x86.ActiveCfg = Release|Any CPU
		{564CC7A9-CB9E-4EEA-B8F5-0F6A362F0B21}.Release|x86.Build.0 = Release|Any CPU
		{5F8E03E4-9540-4DC0-BDAE-32EFEBAF0727}.Debug|Any CPU.ActiveCfg = Debug|Any CPU
		{5F8E03E4-9540-4DC0-BDAE-32EFEBAF0727}.Debug|Any CPU.Build.0 = Debug|Any CPU
		{5F8E03E4-9540-4DC0-BDAE-32EFEBAF0727}.Debug|x64.ActiveCfg = Debug|Any CPU
		{5F8E03E4-9540-4DC0-BDAE-32EFEBAF0727}.Debug|x64.Build.0 = Debug|Any CPU
		{5F8E03E4-9540-4DC0-BDAE-32EFEBAF0727}.Debug|x86.ActiveCfg = Debug|Any CPU
		{5F8E03E4-9540-4DC0-BDAE-32EFEBAF0727}.Debug|x86.Build.0 = Debug|Any CPU
		{5F8E03E4-9540-4DC0-BDAE-32EFEBAF0727}.Release|Any CPU.ActiveCfg = Release|Any CPU
		{5F8E03E4-9540-4DC0-BDAE-32EFEBAF0727}.Release|Any CPU.Build.0 = Release|Any CPU
		{5F8E03E4-9540-4DC0-BDAE-32EFEBAF0727}.Release|x64.ActiveCfg = Release|Any CPU
		{5F8E03E4-9540-4DC0-BDAE-32EFEBAF0727}.Release|x64.Build.0 = Release|Any CPU
		{5F8E03E4-9540-4DC0-BDAE-32EFEBAF0727}.Release|x86.ActiveCfg = Release|Any CPU
		{5F8E03E4-9540-4DC0-BDAE-32EFEBAF0727}.Release|x86.Build.0 = Release|Any CPU
		{6B48E256-C6CC-46AC-ACAB-798BDF4C5CB5}.Debug|Any CPU.ActiveCfg = Debug|Any CPU
		{6B48E256-C6CC-46AC-ACAB-798BDF4C5CB5}.Debug|Any CPU.Build.0 = Debug|Any CPU
		{6B48E256-C6CC-46AC-ACAB-798BDF4C5CB5}.Debug|x64.ActiveCfg = Debug|Any CPU
		{6B48E256-C6CC-46AC-ACAB-798BDF4C5CB5}.Debug|x64.Build.0 = Debug|Any CPU
		{6B48E256-C6CC-46AC-ACAB-798BDF4C5CB5}.Debug|x86.ActiveCfg = Debug|Any CPU
		{6B48E256-C6CC-46AC-ACAB-798BDF4C5CB5}.Debug|x86.Build.0 = Debug|Any CPU
		{6B48E256-C6CC-46AC-ACAB-798BDF4C5CB5}.Release|Any CPU.ActiveCfg = Release|Any CPU
		{6B48E256-C6CC-46AC-ACAB-798BDF4C5CB5}.Release|Any CPU.Build.0 = Release|Any CPU
		{6B48E256-C6CC-46AC-ACAB-798BDF4C5CB5}.Release|x64.ActiveCfg = Release|Any CPU
		{6B48E256-C6CC-46AC-ACAB-798BDF4C5CB5}.Release|x64.Build.0 = Release|Any CPU
		{6B48E256-C6CC-46AC-ACAB-798BDF4C5CB5}.Release|x86.ActiveCfg = Release|Any CPU
		{6B48E256-C6CC-46AC-ACAB-798BDF4C5CB5}.Release|x86.Build.0 = Release|Any CPU
		{28EAE6FF-9D72-42C6-970A-C611205B3F0F}.Debug|Any CPU.ActiveCfg = Debug|Any CPU
		{28EAE6FF-9D72-42C6-970A-C611205B3F0F}.Debug|Any CPU.Build.0 = Debug|Any CPU
		{28EAE6FF-9D72-42C6-970A-C611205B3F0F}.Debug|x64.ActiveCfg = Debug|Any CPU
		{28EAE6FF-9D72-42C6-970A-C611205B3F0F}.Debug|x64.Build.0 = Debug|Any CPU
		{28EAE6FF-9D72-42C6-970A-C611205B3F0F}.Debug|x86.ActiveCfg = Debug|Any CPU
		{28EAE6FF-9D72-42C6-970A-C611205B3F0F}.Debug|x86.Build.0 = Debug|Any CPU
		{28EAE6FF-9D72-42C6-970A-C611205B3F0F}.Release|Any CPU.ActiveCfg = Release|Any CPU
		{28EAE6FF-9D72-42C6-970A-C611205B3F0F}.Release|Any CPU.Build.0 = Release|Any CPU
		{28EAE6FF-9D72-42C6-970A-C611205B3F0F}.Release|x64.ActiveCfg = Release|Any CPU
		{28EAE6FF-9D72-42C6-970A-C611205B3F0F}.Release|x64.Build.0 = Release|Any CPU
		{28EAE6FF-9D72-42C6-970A-C611205B3F0F}.Release|x86.ActiveCfg = Release|Any CPU
		{28EAE6FF-9D72-42C6-970A-C611205B3F0F}.Release|x86.Build.0 = Release|Any CPU
		{0782E655-D5F0-4644-A7EB-A7ACE5A6F8D0}.Debug|Any CPU.ActiveCfg = Debug|Any CPU
		{0782E655-D5F0-4644-A7EB-A7ACE5A6F8D0}.Debug|Any CPU.Build.0 = Debug|Any CPU
		{0782E655-D5F0-4644-A7EB-A7ACE5A6F8D0}.Debug|x64.ActiveCfg = Debug|Any CPU
		{0782E655-D5F0-4644-A7EB-A7ACE5A6F8D0}.Debug|x64.Build.0 = Debug|Any CPU
		{0782E655-D5F0-4644-A7EB-A7ACE5A6F8D0}.Debug|x86.ActiveCfg = Debug|Any CPU
		{0782E655-D5F0-4644-A7EB-A7ACE5A6F8D0}.Debug|x86.Build.0 = Debug|Any CPU
		{0782E655-D5F0-4644-A7EB-A7ACE5A6F8D0}.Release|Any CPU.ActiveCfg = Release|Any CPU
		{0782E655-D5F0-4644-A7EB-A7ACE5A6F8D0}.Release|Any CPU.Build.0 = Release|Any CPU
		{0782E655-D5F0-4644-A7EB-A7ACE5A6F8D0}.Release|x64.ActiveCfg = Release|Any CPU
		{0782E655-D5F0-4644-A7EB-A7ACE5A6F8D0}.Release|x64.Build.0 = Release|Any CPU
		{0782E655-D5F0-4644-A7EB-A7ACE5A6F8D0}.Release|x86.ActiveCfg = Release|Any CPU
		{0782E655-D5F0-4644-A7EB-A7ACE5A6F8D0}.Release|x86.Build.0 = Release|Any CPU
		{D5555A71-B1FD-46EB-BFB6-0F94D015CFB8}.Debug|Any CPU.ActiveCfg = Debug|Any CPU
		{D5555A71-B1FD-46EB-BFB6-0F94D015CFB8}.Debug|Any CPU.Build.0 = Debug|Any CPU
		{D5555A71-B1FD-46EB-BFB6-0F94D015CFB8}.Debug|x64.ActiveCfg = Debug|Any CPU
		{D5555A71-B1FD-46EB-BFB6-0F94D015CFB8}.Debug|x64.Build.0 = Debug|Any CPU
		{D5555A71-B1FD-46EB-BFB6-0F94D015CFB8}.Debug|x86.ActiveCfg = Debug|Any CPU
		{D5555A71-B1FD-46EB-BFB6-0F94D015CFB8}.Debug|x86.Build.0 = Debug|Any CPU
		{D5555A71-B1FD-46EB-BFB6-0F94D015CFB8}.Release|Any CPU.ActiveCfg = Release|Any CPU
		{D5555A71-B1FD-46EB-BFB6-0F94D015CFB8}.Release|Any CPU.Build.0 = Release|Any CPU
		{D5555A71-B1FD-46EB-BFB6-0F94D015CFB8}.Release|x64.ActiveCfg = Release|Any CPU
		{D5555A71-B1FD-46EB-BFB6-0F94D015CFB8}.Release|x64.Build.0 = Release|Any CPU
		{D5555A71-B1FD-46EB-BFB6-0F94D015CFB8}.Release|x86.ActiveCfg = Release|Any CPU
		{D5555A71-B1FD-46EB-BFB6-0F94D015CFB8}.Release|x86.Build.0 = Release|Any CPU
		{B93C3595-61B8-4142-98E1-66A2D24AD95F}.Debug|Any CPU.ActiveCfg = Debug|Any CPU
		{B93C3595-61B8-4142-98E1-66A2D24AD95F}.Debug|Any CPU.Build.0 = Debug|Any CPU
		{B93C3595-61B8-4142-98E1-66A2D24AD95F}.Debug|x64.ActiveCfg = Debug|Any CPU
		{B93C3595-61B8-4142-98E1-66A2D24AD95F}.Debug|x64.Build.0 = Debug|Any CPU
		{B93C3595-61B8-4142-98E1-66A2D24AD95F}.Debug|x86.ActiveCfg = Debug|Any CPU
		{B93C3595-61B8-4142-98E1-66A2D24AD95F}.Debug|x86.Build.0 = Debug|Any CPU
		{B93C3595-61B8-4142-98E1-66A2D24AD95F}.Release|Any CPU.ActiveCfg = Release|Any CPU
		{B93C3595-61B8-4142-98E1-66A2D24AD95F}.Release|Any CPU.Build.0 = Release|Any CPU
		{B93C3595-61B8-4142-98E1-66A2D24AD95F}.Release|x64.ActiveCfg = Release|Any CPU
		{B93C3595-61B8-4142-98E1-66A2D24AD95F}.Release|x64.Build.0 = Release|Any CPU
		{B93C3595-61B8-4142-98E1-66A2D24AD95F}.Release|x86.ActiveCfg = Release|Any CPU
		{B93C3595-61B8-4142-98E1-66A2D24AD95F}.Release|x86.Build.0 = Release|Any CPU
		{C0AFA974-C872-4B41-B6EB-726C8C3610EE}.Debug|Any CPU.ActiveCfg = Debug|Any CPU
		{C0AFA974-C872-4B41-B6EB-726C8C3610EE}.Debug|Any CPU.Build.0 = Debug|Any CPU
		{C0AFA974-C872-4B41-B6EB-726C8C3610EE}.Debug|x64.ActiveCfg = Debug|Any CPU
		{C0AFA974-C872-4B41-B6EB-726C8C3610EE}.Debug|x64.Build.0 = Debug|Any CPU
		{C0AFA974-C872-4B41-B6EB-726C8C3610EE}.Debug|x86.ActiveCfg = Debug|Any CPU
		{C0AFA974-C872-4B41-B6EB-726C8C3610EE}.Debug|x86.Build.0 = Debug|Any CPU
		{C0AFA974-C872-4B41-B6EB-726C8C3610EE}.Release|Any CPU.ActiveCfg = Release|Any CPU
		{C0AFA974-C872-4B41-B6EB-726C8C3610EE}.Release|Any CPU.Build.0 = Release|Any CPU
		{C0AFA974-C872-4B41-B6EB-726C8C3610EE}.Release|x64.ActiveCfg = Release|Any CPU
		{C0AFA974-C872-4B41-B6EB-726C8C3610EE}.Release|x64.Build.0 = Release|Any CPU
		{C0AFA974-C872-4B41-B6EB-726C8C3610EE}.Release|x86.ActiveCfg = Release|Any CPU
		{C0AFA974-C872-4B41-B6EB-726C8C3610EE}.Release|x86.Build.0 = Release|Any CPU
		{3D8D00A3-7224-4BA5-A630-9661B9E8C82B}.Debug|Any CPU.ActiveCfg = Debug|Any CPU
		{3D8D00A3-7224-4BA5-A630-9661B9E8C82B}.Debug|Any CPU.Build.0 = Debug|Any CPU
		{3D8D00A3-7224-4BA5-A630-9661B9E8C82B}.Debug|x64.ActiveCfg = Debug|Any CPU
		{3D8D00A3-7224-4BA5-A630-9661B9E8C82B}.Debug|x64.Build.0 = Debug|Any CPU
		{3D8D00A3-7224-4BA5-A630-9661B9E8C82B}.Debug|x86.ActiveCfg = Debug|Any CPU
		{3D8D00A3-7224-4BA5-A630-9661B9E8C82B}.Debug|x86.Build.0 = Debug|Any CPU
		{3D8D00A3-7224-4BA5-A630-9661B9E8C82B}.Release|Any CPU.ActiveCfg = Release|Any CPU
		{3D8D00A3-7224-4BA5-A630-9661B9E8C82B}.Release|Any CPU.Build.0 = Release|Any CPU
		{3D8D00A3-7224-4BA5-A630-9661B9E8C82B}.Release|x64.ActiveCfg = Release|Any CPU
		{3D8D00A3-7224-4BA5-A630-9661B9E8C82B}.Release|x64.Build.0 = Release|Any CPU
		{3D8D00A3-7224-4BA5-A630-9661B9E8C82B}.Release|x86.ActiveCfg = Release|Any CPU
		{3D8D00A3-7224-4BA5-A630-9661B9E8C82B}.Release|x86.Build.0 = Release|Any CPU
		{514C52AF-B4EB-45BC-930E-FA4ABFF15343}.Debug|Any CPU.ActiveCfg = Debug|Any CPU
		{514C52AF-B4EB-45BC-930E-FA4ABFF15343}.Debug|Any CPU.Build.0 = Debug|Any CPU
		{514C52AF-B4EB-45BC-930E-FA4ABFF15343}.Debug|x64.ActiveCfg = Debug|Any CPU
		{514C52AF-B4EB-45BC-930E-FA4ABFF15343}.Debug|x64.Build.0 = Debug|Any CPU
		{514C52AF-B4EB-45BC-930E-FA4ABFF15343}.Debug|x86.ActiveCfg = Debug|Any CPU
		{514C52AF-B4EB-45BC-930E-FA4ABFF15343}.Debug|x86.Build.0 = Debug|Any CPU
		{514C52AF-B4EB-45BC-930E-FA4ABFF15343}.Release|Any CPU.ActiveCfg = Release|Any CPU
		{514C52AF-B4EB-45BC-930E-FA4ABFF15343}.Release|Any CPU.Build.0 = Release|Any CPU
		{514C52AF-B4EB-45BC-930E-FA4ABFF15343}.Release|x64.ActiveCfg = Release|Any CPU
		{514C52AF-B4EB-45BC-930E-FA4ABFF15343}.Release|x64.Build.0 = Release|Any CPU
		{514C52AF-B4EB-45BC-930E-FA4ABFF15343}.Release|x86.ActiveCfg = Release|Any CPU
		{514C52AF-B4EB-45BC-930E-FA4ABFF15343}.Release|x86.Build.0 = Release|Any CPU
		{90CD5283-72F0-41E7-8969-3CD448CBA713}.Debug|Any CPU.ActiveCfg = Debug|Any CPU
		{90CD5283-72F0-41E7-8969-3CD448CBA713}.Debug|Any CPU.Build.0 = Debug|Any CPU
		{90CD5283-72F0-41E7-8969-3CD448CBA713}.Debug|x64.ActiveCfg = Debug|Any CPU
		{90CD5283-72F0-41E7-8969-3CD448CBA713}.Debug|x64.Build.0 = Debug|Any CPU
		{90CD5283-72F0-41E7-8969-3CD448CBA713}.Debug|x86.ActiveCfg = Debug|Any CPU
		{90CD5283-72F0-41E7-8969-3CD448CBA713}.Debug|x86.Build.0 = Debug|Any CPU
		{90CD5283-72F0-41E7-8969-3CD448CBA713}.Release|Any CPU.ActiveCfg = Release|Any CPU
		{90CD5283-72F0-41E7-8969-3CD448CBA713}.Release|Any CPU.Build.0 = Release|Any CPU
		{90CD5283-72F0-41E7-8969-3CD448CBA713}.Release|x64.ActiveCfg = Release|Any CPU
		{90CD5283-72F0-41E7-8969-3CD448CBA713}.Release|x64.Build.0 = Release|Any CPU
		{90CD5283-72F0-41E7-8969-3CD448CBA713}.Release|x86.ActiveCfg = Release|Any CPU
		{90CD5283-72F0-41E7-8969-3CD448CBA713}.Release|x86.Build.0 = Release|Any CPU
		{5C884F32-CEE3-4FA7-A046-534C1B9A7FE8}.Debug|Any CPU.ActiveCfg = Debug|Any CPU
		{5C884F32-CEE3-4FA7-A046-534C1B9A7FE8}.Debug|Any CPU.Build.0 = Debug|Any CPU
		{5C884F32-CEE3-4FA7-A046-534C1B9A7FE8}.Debug|x64.ActiveCfg = Debug|Any CPU
		{5C884F32-CEE3-4FA7-A046-534C1B9A7FE8}.Debug|x64.Build.0 = Debug|Any CPU
		{5C884F32-CEE3-4FA7-A046-534C1B9A7FE8}.Debug|x86.ActiveCfg = Debug|Any CPU
		{5C884F32-CEE3-4FA7-A046-534C1B9A7FE8}.Debug|x86.Build.0 = Debug|Any CPU
		{5C884F32-CEE3-4FA7-A046-534C1B9A7FE8}.Release|Any CPU.ActiveCfg = Release|Any CPU
		{5C884F32-CEE3-4FA7-A046-534C1B9A7FE8}.Release|Any CPU.Build.0 = Release|Any CPU
		{5C884F32-CEE3-4FA7-A046-534C1B9A7FE8}.Release|x64.ActiveCfg = Release|Any CPU
		{5C884F32-CEE3-4FA7-A046-534C1B9A7FE8}.Release|x64.Build.0 = Release|Any CPU
		{5C884F32-CEE3-4FA7-A046-534C1B9A7FE8}.Release|x86.ActiveCfg = Release|Any CPU
		{5C884F32-CEE3-4FA7-A046-534C1B9A7FE8}.Release|x86.Build.0 = Release|Any CPU
		{45CDE7E2-9959-4178-ADA0-CA45E53A8F77}.Debug|Any CPU.ActiveCfg = Debug|Any CPU
		{45CDE7E2-9959-4178-ADA0-CA45E53A8F77}.Debug|Any CPU.Build.0 = Debug|Any CPU
		{45CDE7E2-9959-4178-ADA0-CA45E53A8F77}.Debug|x64.ActiveCfg = Debug|Any CPU
		{45CDE7E2-9959-4178-ADA0-CA45E53A8F77}.Debug|x64.Build.0 = Debug|Any CPU
		{45CDE7E2-9959-4178-ADA0-CA45E53A8F77}.Debug|x86.ActiveCfg = Debug|Any CPU
		{45CDE7E2-9959-4178-ADA0-CA45E53A8F77}.Debug|x86.Build.0 = Debug|Any CPU
		{45CDE7E2-9959-4178-ADA0-CA45E53A8F77}.Release|Any CPU.ActiveCfg = Release|Any CPU
		{45CDE7E2-9959-4178-ADA0-CA45E53A8F77}.Release|Any CPU.Build.0 = Release|Any CPU
		{45CDE7E2-9959-4178-ADA0-CA45E53A8F77}.Release|x64.ActiveCfg = Release|Any CPU
		{45CDE7E2-9959-4178-ADA0-CA45E53A8F77}.Release|x64.Build.0 = Release|Any CPU
		{45CDE7E2-9959-4178-ADA0-CA45E53A8F77}.Release|x86.ActiveCfg = Release|Any CPU
		{45CDE7E2-9959-4178-ADA0-CA45E53A8F77}.Release|x86.Build.0 = Release|Any CPU
		{DAA89702-71EF-4E67-82EC-E111A530B854}.Debug|Any CPU.ActiveCfg = Debug|Any CPU
		{DAA89702-71EF-4E67-82EC-E111A530B854}.Debug|Any CPU.Build.0 = Debug|Any CPU
		{DAA89702-71EF-4E67-82EC-E111A530B854}.Debug|x64.ActiveCfg = Debug|Any CPU
		{DAA89702-71EF-4E67-82EC-E111A530B854}.Debug|x64.Build.0 = Debug|Any CPU
		{DAA89702-71EF-4E67-82EC-E111A530B854}.Debug|x86.ActiveCfg = Debug|Any CPU
		{DAA89702-71EF-4E67-82EC-E111A530B854}.Debug|x86.Build.0 = Debug|Any CPU
		{DAA89702-71EF-4E67-82EC-E111A530B854}.Release|Any CPU.ActiveCfg = Release|Any CPU
		{DAA89702-71EF-4E67-82EC-E111A530B854}.Release|Any CPU.Build.0 = Release|Any CPU
		{DAA89702-71EF-4E67-82EC-E111A530B854}.Release|x64.ActiveCfg = Release|Any CPU
		{DAA89702-71EF-4E67-82EC-E111A530B854}.Release|x64.Build.0 = Release|Any CPU
		{DAA89702-71EF-4E67-82EC-E111A530B854}.Release|x86.ActiveCfg = Release|Any CPU
		{DAA89702-71EF-4E67-82EC-E111A530B854}.Release|x86.Build.0 = Release|Any CPU
		{DBAF5F2B-B37F-4A8C-8F8D-80A0368EC249}.Debug|Any CPU.ActiveCfg = Debug|Any CPU
		{DBAF5F2B-B37F-4A8C-8F8D-80A0368EC249}.Debug|Any CPU.Build.0 = Debug|Any CPU
		{DBAF5F2B-B37F-4A8C-8F8D-80A0368EC249}.Debug|x64.ActiveCfg = Debug|Any CPU
		{DBAF5F2B-B37F-4A8C-8F8D-80A0368EC249}.Debug|x64.Build.0 = Debug|Any CPU
		{DBAF5F2B-B37F-4A8C-8F8D-80A0368EC249}.Debug|x86.ActiveCfg = Debug|Any CPU
		{DBAF5F2B-B37F-4A8C-8F8D-80A0368EC249}.Debug|x86.Build.0 = Debug|Any CPU
		{DBAF5F2B-B37F-4A8C-8F8D-80A0368EC249}.Release|Any CPU.ActiveCfg = Release|Any CPU
		{DBAF5F2B-B37F-4A8C-8F8D-80A0368EC249}.Release|Any CPU.Build.0 = Release|Any CPU
		{DBAF5F2B-B37F-4A8C-8F8D-80A0368EC249}.Release|x64.ActiveCfg = Release|Any CPU
		{DBAF5F2B-B37F-4A8C-8F8D-80A0368EC249}.Release|x64.Build.0 = Release|Any CPU
		{DBAF5F2B-B37F-4A8C-8F8D-80A0368EC249}.Release|x86.ActiveCfg = Release|Any CPU
		{DBAF5F2B-B37F-4A8C-8F8D-80A0368EC249}.Release|x86.Build.0 = Release|Any CPU
		{1F8CB5B7-34FA-4862-A96D-6FF62CCB9437}.Debug|Any CPU.ActiveCfg = Debug|Any CPU
		{1F8CB5B7-34FA-4862-A96D-6FF62CCB9437}.Debug|Any CPU.Build.0 = Debug|Any CPU
		{1F8CB5B7-34FA-4862-A96D-6FF62CCB9437}.Debug|x64.ActiveCfg = Debug|Any CPU
		{1F8CB5B7-34FA-4862-A96D-6FF62CCB9437}.Debug|x64.Build.0 = Debug|Any CPU
		{1F8CB5B7-34FA-4862-A96D-6FF62CCB9437}.Debug|x86.ActiveCfg = Debug|Any CPU
		{1F8CB5B7-34FA-4862-A96D-6FF62CCB9437}.Debug|x86.Build.0 = Debug|Any CPU
		{1F8CB5B7-34FA-4862-A96D-6FF62CCB9437}.Release|Any CPU.ActiveCfg = Release|Any CPU
		{1F8CB5B7-34FA-4862-A96D-6FF62CCB9437}.Release|Any CPU.Build.0 = Release|Any CPU
		{1F8CB5B7-34FA-4862-A96D-6FF62CCB9437}.Release|x64.ActiveCfg = Release|Any CPU
		{1F8CB5B7-34FA-4862-A96D-6FF62CCB9437}.Release|x64.Build.0 = Release|Any CPU
		{1F8CB5B7-34FA-4862-A96D-6FF62CCB9437}.Release|x86.ActiveCfg = Release|Any CPU
		{1F8CB5B7-34FA-4862-A96D-6FF62CCB9437}.Release|x86.Build.0 = Release|Any CPU
		{F7F5D297-80D5-486C-8E7B-90C20AAC94A1}.Debug|Any CPU.ActiveCfg = Debug|Any CPU
		{F7F5D297-80D5-486C-8E7B-90C20AAC94A1}.Debug|Any CPU.Build.0 = Debug|Any CPU
		{F7F5D297-80D5-486C-8E7B-90C20AAC94A1}.Debug|x64.ActiveCfg = Debug|Any CPU
		{F7F5D297-80D5-486C-8E7B-90C20AAC94A1}.Debug|x64.Build.0 = Debug|Any CPU
		{F7F5D297-80D5-486C-8E7B-90C20AAC94A1}.Debug|x86.ActiveCfg = Debug|Any CPU
		{F7F5D297-80D5-486C-8E7B-90C20AAC94A1}.Debug|x86.Build.0 = Debug|Any CPU
		{F7F5D297-80D5-486C-8E7B-90C20AAC94A1}.Release|Any CPU.ActiveCfg = Release|Any CPU
		{F7F5D297-80D5-486C-8E7B-90C20AAC94A1}.Release|Any CPU.Build.0 = Release|Any CPU
		{F7F5D297-80D5-486C-8E7B-90C20AAC94A1}.Release|x64.ActiveCfg = Release|Any CPU
		{F7F5D297-80D5-486C-8E7B-90C20AAC94A1}.Release|x64.Build.0 = Release|Any CPU
		{F7F5D297-80D5-486C-8E7B-90C20AAC94A1}.Release|x86.ActiveCfg = Release|Any CPU
		{F7F5D297-80D5-486C-8E7B-90C20AAC94A1}.Release|x86.Build.0 = Release|Any CPU
		{03F8E685-D9D2-44E3-BB80-658B9C15EA78}.Debug|Any CPU.ActiveCfg = Debug|Any CPU
		{03F8E685-D9D2-44E3-BB80-658B9C15EA78}.Debug|Any CPU.Build.0 = Debug|Any CPU
		{03F8E685-D9D2-44E3-BB80-658B9C15EA78}.Debug|x64.ActiveCfg = Debug|Any CPU
		{03F8E685-D9D2-44E3-BB80-658B9C15EA78}.Debug|x64.Build.0 = Debug|Any CPU
		{03F8E685-D9D2-44E3-BB80-658B9C15EA78}.Debug|x86.ActiveCfg = Debug|Any CPU
		{03F8E685-D9D2-44E3-BB80-658B9C15EA78}.Debug|x86.Build.0 = Debug|Any CPU
		{03F8E685-D9D2-44E3-BB80-658B9C15EA78}.Release|Any CPU.ActiveCfg = Release|Any CPU
		{03F8E685-D9D2-44E3-BB80-658B9C15EA78}.Release|Any CPU.Build.0 = Release|Any CPU
		{03F8E685-D9D2-44E3-BB80-658B9C15EA78}.Release|x64.ActiveCfg = Release|Any CPU
		{03F8E685-D9D2-44E3-BB80-658B9C15EA78}.Release|x64.Build.0 = Release|Any CPU
		{03F8E685-D9D2-44E3-BB80-658B9C15EA78}.Release|x86.ActiveCfg = Release|Any CPU
		{03F8E685-D9D2-44E3-BB80-658B9C15EA78}.Release|x86.Build.0 = Release|Any CPU
		{B7796015-3A2B-4188-95BE-86FEBAD17A3C}.Debug|Any CPU.ActiveCfg = Debug|Any CPU
		{B7796015-3A2B-4188-95BE-86FEBAD17A3C}.Debug|Any CPU.Build.0 = Debug|Any CPU
		{B7796015-3A2B-4188-95BE-86FEBAD17A3C}.Debug|x64.ActiveCfg = Debug|Any CPU
		{B7796015-3A2B-4188-95BE-86FEBAD17A3C}.Debug|x64.Build.0 = Debug|Any CPU
		{B7796015-3A2B-4188-95BE-86FEBAD17A3C}.Debug|x86.ActiveCfg = Debug|Any CPU
		{B7796015-3A2B-4188-95BE-86FEBAD17A3C}.Debug|x86.Build.0 = Debug|Any CPU
		{B7796015-3A2B-4188-95BE-86FEBAD17A3C}.Release|Any CPU.ActiveCfg = Release|Any CPU
		{B7796015-3A2B-4188-95BE-86FEBAD17A3C}.Release|Any CPU.Build.0 = Release|Any CPU
		{B7796015-3A2B-4188-95BE-86FEBAD17A3C}.Release|x64.ActiveCfg = Release|Any CPU
		{B7796015-3A2B-4188-95BE-86FEBAD17A3C}.Release|x64.Build.0 = Release|Any CPU
		{B7796015-3A2B-4188-95BE-86FEBAD17A3C}.Release|x86.ActiveCfg = Release|Any CPU
		{B7796015-3A2B-4188-95BE-86FEBAD17A3C}.Release|x86.Build.0 = Release|Any CPU
		{8BAD2CED-E9A2-424C-8376-44836A90A492}.Debug|Any CPU.ActiveCfg = Debug|Any CPU
		{8BAD2CED-E9A2-424C-8376-44836A90A492}.Debug|Any CPU.Build.0 = Debug|Any CPU
		{8BAD2CED-E9A2-424C-8376-44836A90A492}.Debug|x64.ActiveCfg = Debug|Any CPU
		{8BAD2CED-E9A2-424C-8376-44836A90A492}.Debug|x64.Build.0 = Debug|Any CPU
		{8BAD2CED-E9A2-424C-8376-44836A90A492}.Debug|x86.ActiveCfg = Debug|Any CPU
		{8BAD2CED-E9A2-424C-8376-44836A90A492}.Debug|x86.Build.0 = Debug|Any CPU
		{8BAD2CED-E9A2-424C-8376-44836A90A492}.Release|Any CPU.ActiveCfg = Release|Any CPU
		{8BAD2CED-E9A2-424C-8376-44836A90A492}.Release|Any CPU.Build.0 = Release|Any CPU
		{8BAD2CED-E9A2-424C-8376-44836A90A492}.Release|x64.ActiveCfg = Release|Any CPU
		{8BAD2CED-E9A2-424C-8376-44836A90A492}.Release|x64.Build.0 = Release|Any CPU
		{8BAD2CED-E9A2-424C-8376-44836A90A492}.Release|x86.ActiveCfg = Release|Any CPU
		{8BAD2CED-E9A2-424C-8376-44836A90A492}.Release|x86.Build.0 = Release|Any CPU
		{E2FCAC9D-863E-4E5C-B831-E76512DBB22A}.Debug|Any CPU.ActiveCfg = Debug|Any CPU
		{E2FCAC9D-863E-4E5C-B831-E76512DBB22A}.Debug|Any CPU.Build.0 = Debug|Any CPU
		{E2FCAC9D-863E-4E5C-B831-E76512DBB22A}.Debug|x64.ActiveCfg = Debug|Any CPU
		{E2FCAC9D-863E-4E5C-B831-E76512DBB22A}.Debug|x64.Build.0 = Debug|Any CPU
		{E2FCAC9D-863E-4E5C-B831-E76512DBB22A}.Debug|x86.ActiveCfg = Debug|Any CPU
		{E2FCAC9D-863E-4E5C-B831-E76512DBB22A}.Debug|x86.Build.0 = Debug|Any CPU
		{E2FCAC9D-863E-4E5C-B831-E76512DBB22A}.Release|Any CPU.ActiveCfg = Release|Any CPU
		{E2FCAC9D-863E-4E5C-B831-E76512DBB22A}.Release|Any CPU.Build.0 = Release|Any CPU
		{E2FCAC9D-863E-4E5C-B831-E76512DBB22A}.Release|x64.ActiveCfg = Release|Any CPU
		{E2FCAC9D-863E-4E5C-B831-E76512DBB22A}.Release|x64.Build.0 = Release|Any CPU
		{E2FCAC9D-863E-4E5C-B831-E76512DBB22A}.Release|x86.ActiveCfg = Release|Any CPU
		{E2FCAC9D-863E-4E5C-B831-E76512DBB22A}.Release|x86.Build.0 = Release|Any CPU
		{8AAA683F-F337-49DB-B5D9-AC74EFA04BAA}.Debug|Any CPU.ActiveCfg = Debug|Any CPU
		{8AAA683F-F337-49DB-B5D9-AC74EFA04BAA}.Debug|Any CPU.Build.0 = Debug|Any CPU
		{8AAA683F-F337-49DB-B5D9-AC74EFA04BAA}.Debug|x64.ActiveCfg = Debug|Any CPU
		{8AAA683F-F337-49DB-B5D9-AC74EFA04BAA}.Debug|x64.Build.0 = Debug|Any CPU
		{8AAA683F-F337-49DB-B5D9-AC74EFA04BAA}.Debug|x86.ActiveCfg = Debug|Any CPU
		{8AAA683F-F337-49DB-B5D9-AC74EFA04BAA}.Debug|x86.Build.0 = Debug|Any CPU
		{8AAA683F-F337-49DB-B5D9-AC74EFA04BAA}.Release|Any CPU.ActiveCfg = Release|Any CPU
		{8AAA683F-F337-49DB-B5D9-AC74EFA04BAA}.Release|Any CPU.Build.0 = Release|Any CPU
		{8AAA683F-F337-49DB-B5D9-AC74EFA04BAA}.Release|x64.ActiveCfg = Release|Any CPU
		{8AAA683F-F337-49DB-B5D9-AC74EFA04BAA}.Release|x64.Build.0 = Release|Any CPU
		{8AAA683F-F337-49DB-B5D9-AC74EFA04BAA}.Release|x86.ActiveCfg = Release|Any CPU
		{8AAA683F-F337-49DB-B5D9-AC74EFA04BAA}.Release|x86.Build.0 = Release|Any CPU
		{DC5843B4-4BC3-4FEE-8668-ED3DBB9B38F4}.Debug|Any CPU.ActiveCfg = Debug|Any CPU
		{DC5843B4-4BC3-4FEE-8668-ED3DBB9B38F4}.Debug|Any CPU.Build.0 = Debug|Any CPU
		{DC5843B4-4BC3-4FEE-8668-ED3DBB9B38F4}.Debug|x64.ActiveCfg = Debug|Any CPU
		{DC5843B4-4BC3-4FEE-8668-ED3DBB9B38F4}.Debug|x64.Build.0 = Debug|Any CPU
		{DC5843B4-4BC3-4FEE-8668-ED3DBB9B38F4}.Debug|x86.ActiveCfg = Debug|Any CPU
		{DC5843B4-4BC3-4FEE-8668-ED3DBB9B38F4}.Debug|x86.Build.0 = Debug|Any CPU
		{DC5843B4-4BC3-4FEE-8668-ED3DBB9B38F4}.Release|Any CPU.ActiveCfg = Release|Any CPU
		{DC5843B4-4BC3-4FEE-8668-ED3DBB9B38F4}.Release|Any CPU.Build.0 = Release|Any CPU
		{DC5843B4-4BC3-4FEE-8668-ED3DBB9B38F4}.Release|x64.ActiveCfg = Release|Any CPU
		{DC5843B4-4BC3-4FEE-8668-ED3DBB9B38F4}.Release|x64.Build.0 = Release|Any CPU
		{DC5843B4-4BC3-4FEE-8668-ED3DBB9B38F4}.Release|x86.ActiveCfg = Release|Any CPU
		{DC5843B4-4BC3-4FEE-8668-ED3DBB9B38F4}.Release|x86.Build.0 = Release|Any CPU
	EndGlobalSection
	GlobalSection(SolutionProperties) = preSolution
		HideSolutionNode = FALSE
	EndGlobalSection
	GlobalSection(NestedProjects) = preSolution
		{594FA75A-8DCE-4039-A546-E06D34797346} = {C8D5274F-AC00-46C7-1F8D-E88E81087A52}
		{726EC8A1-31EC-4AF4-BD96-B78773477FB2} = {C8D5274F-AC00-46C7-1F8D-E88E81087A52}
		{303D90E0-23E2-4650-B8F6-BADEB77B77E6} = {C8D5274F-AC00-46C7-1F8D-E88E81087A52}
		{97DEFBB4-9A21-4184-9B19-561D32C369F1} = {C8D5274F-AC00-46C7-1F8D-E88E81087A52}
		{C90FC9F5-87B2-4988-9453-1B6D491FF198} = {C8D5274F-AC00-46C7-1F8D-E88E81087A52}
		{2BD63241-2176-47F0-BBB7-27A0FDCA0E18} = {C8D5274F-AC00-46C7-1F8D-E88E81087A52}
		{F7C6D3E7-724F-4AA6-9762-3C36710D76E4} = {C8D5274F-AC00-46C7-1F8D-E88E81087A52}
		{84BD7CD8-405C-4EC7-9F90-1B821CCE597C} = {C8D5274F-AC00-46C7-1F8D-E88E81087A52}
		{1667B66F-D8E1-4227-9876-1DBE82BDF5B8} = {C8D5274F-AC00-46C7-1F8D-E88E81087A52}
		{33EFCE07-34DF-4686-AE98-1D4FC9767D5A} = {C8D5274F-AC00-46C7-1F8D-E88E81087A52}
		{62E08F51-EC50-4F88-8414-6CD21F719D13} = {C8D5274F-AC00-46C7-1F8D-E88E81087A52}
		{5D237D3A-1128-4CB6-ACA3-27D89DD47B1C} = {C8D5274F-AC00-46C7-1F8D-E88E81087A52}
		{9312EED1-517F-4F71-843F-C5381F237252} = {C8D5274F-AC00-46C7-1F8D-E88E81087A52}
		{127CF82B-F7AF-413F-8B4E-8827AFD25EFE} = {C8D5274F-AC00-46C7-1F8D-E88E81087A52}
		{4F847B0A-5F06-497A-BF9B-ADCA2C39F301} = {C8D5274F-AC00-46C7-1F8D-E88E81087A52}
		{5C13320B-2205-44C4-A9C0-8A7AA845E2E7} = {C8D5274F-AC00-46C7-1F8D-E88E81087A52}
		{34B356B5-0569-4FBA-AC8C-B9DE74E07DDE} = {C8D5274F-AC00-46C7-1F8D-E88E81087A52}
		{A38E150F-D453-4E3B-9F9A-59123CA3ED60} = {C8D5274F-AC00-46C7-1F8D-E88E81087A52}
		{6DE496EC-6D86-4574-AA54-5C0360294A8F} = {C8D5274F-AC00-46C7-1F8D-E88E81087A52}
		{401767DC-4FEE-42AF-B496-D96B4AF40FCC} = {C8D5274F-AC00-46C7-1F8D-E88E81087A52}
		{70347C0E-5B72-4E15-BF15-80FBF5B2AF1C} = {C8D5274F-AC00-46C7-1F8D-E88E81087A52}
		{05A313B2-5F43-4D40-8E43-CD64C05FB7B7} = {C8D5274F-AC00-46C7-1F8D-E88E81087A52}
		{994ECAC3-5F66-4024-9D04-46C63AE08045} = {C8D5274F-AC00-46C7-1F8D-E88E81087A52}
		{E4480BD7-A595-4CBE-9E21-DD6DA8773390} = {C8D5274F-AC00-46C7-1F8D-E88E81087A52}
		{B175F9EF-B815-4B24-BF0C-41E99DC2CF88} = {C8D5274F-AC00-46C7-1F8D-E88E81087A52}
		{D23E56B4-D02B-495A-BF14-18B2639222CE} = {C8D5274F-AC00-46C7-1F8D-E88E81087A52}
		{564CC7A9-CB9E-4EEA-B8F5-0F6A362F0B21} = {C8D5274F-AC00-46C7-1F8D-E88E81087A52}
		{5F8E03E4-9540-4DC0-BDAE-32EFEBAF0727} = {C8D5274F-AC00-46C7-1F8D-E88E81087A52}
		{6B48E256-C6CC-46AC-ACAB-798BDF4C5CB5} = {C8D5274F-AC00-46C7-1F8D-E88E81087A52}
		{28EAE6FF-9D72-42C6-970A-C611205B3F0F} = {C8D5274F-AC00-46C7-1F8D-E88E81087A52}
		{0782E655-D5F0-4644-A7EB-A7ACE5A6F8D0} = {C8D5274F-AC00-46C7-1F8D-E88E81087A52}
		{D5555A71-B1FD-46EB-BFB6-0F94D015CFB8} = {C8D5274F-AC00-46C7-1F8D-E88E81087A52}
		{B93C3595-61B8-4142-98E1-66A2D24AD95F} = {C8D5274F-AC00-46C7-1F8D-E88E81087A52}
		{C0AFA974-C872-4B41-B6EB-726C8C3610EE} = {C8D5274F-AC00-46C7-1F8D-E88E81087A52}
		{3D8D00A3-7224-4BA5-A630-9661B9E8C82B} = {C8D5274F-AC00-46C7-1F8D-E88E81087A52}
		{514C52AF-B4EB-45BC-930E-FA4ABFF15343} = {C8D5274F-AC00-46C7-1F8D-E88E81087A52}
		{90CD5283-72F0-41E7-8969-3CD448CBA713} = {C8D5274F-AC00-46C7-1F8D-E88E81087A52}
		{5C884F32-CEE3-4FA7-A046-534C1B9A7FE8} = {C8D5274F-AC00-46C7-1F8D-E88E81087A52}
		{45CDE7E2-9959-4178-ADA0-CA45E53A8F77} = {C8D5274F-AC00-46C7-1F8D-E88E81087A52}
		{DAA89702-71EF-4E67-82EC-E111A530B854} = {C8D5274F-AC00-46C7-1F8D-E88E81087A52}
		{DBAF5F2B-B37F-4A8C-8F8D-80A0368EC249} = {C8D5274F-AC00-46C7-1F8D-E88E81087A52}
		{1F8CB5B7-34FA-4862-A96D-6FF62CCB9437} = {C8D5274F-AC00-46C7-1F8D-E88E81087A52}
		{F7F5D297-80D5-486C-8E7B-90C20AAC94A1} = {C8D5274F-AC00-46C7-1F8D-E88E81087A52}
		{03F8E685-D9D2-44E3-BB80-658B9C15EA78} = {C8D5274F-AC00-46C7-1F8D-E88E81087A52}
		{B7796015-3A2B-4188-95BE-86FEBAD17A3C} = {C8D5274F-AC00-46C7-1F8D-E88E81087A52}
		{8BAD2CED-E9A2-424C-8376-44836A90A492} = {C8D5274F-AC00-46C7-1F8D-E88E81087A52}
		{E2FCAC9D-863E-4E5C-B831-E76512DBB22A} = {C8D5274F-AC00-46C7-1F8D-E88E81087A52}
		{8AAA683F-F337-49DB-B5D9-AC74EFA04BAA} = {C8D5274F-AC00-46C7-1F8D-E88E81087A52}
		{DC5843B4-4BC3-4FEE-8668-ED3DBB9B38F4} = {C8D5274F-AC00-46C7-1F8D-E88E81087A52}
	EndGlobalSection
	GlobalSection(ExtensibilityGlobals) = postSolution
		SolutionGuid = {57917252-926C-4661-A246-85732458420D}
	EndGlobalSection
EndGlobal
